// !$*UTF8*$!
{
	archiveVersion = 1;
	classes = {
	};
	objectVersion = 46;
	objects = {

/* Begin PBXBuildFile section */
		550886D91CE2388A00B417F7 /* SAPTaskView.m in Sources */ = {isa = PBXBuildFile; fileRef = 550886D81CE2388A00B417F7 /* SAPTaskView.m */; };
		550886DD1CE245F100B417F7 /* SAPTaskMapViewController.m in Sources */ = {isa = PBXBuildFile; fileRef = 550886DB1CE245F100B417F7 /* SAPTaskMapViewController.m */; };
		550886DE1CE245F100B417F7 /* SAPTaskMapViewController.xib in Resources */ = {isa = PBXBuildFile; fileRef = 550886DC1CE245F100B417F7 /* SAPTaskMapViewController.xib */; };
		550886E21CE2465A00B417F7 /* SAPTasksMapViewController.m in Sources */ = {isa = PBXBuildFile; fileRef = 550886E01CE2465A00B417F7 /* SAPTasksMapViewController.m */; };
		550886E31CE2465A00B417F7 /* SAPTasksMapViewController.xib in Resources */ = {isa = PBXBuildFile; fileRef = 550886E11CE2465A00B417F7 /* SAPTasksMapViewController.xib */; };
		550886E61CE2469600B417F7 /* SAPTaskMapView.m in Sources */ = {isa = PBXBuildFile; fileRef = 550886E51CE2469600B417F7 /* SAPTaskMapView.m */; };
		550886E91CE246CE00B417F7 /* SAPTasksMapView.m in Sources */ = {isa = PBXBuildFile; fileRef = 550886E81CE246CE00B417F7 /* SAPTasksMapView.m */; };
		553BD4C41D1A871C0080A9F1 /* LICENSE.txt in Resources */ = {isa = PBXBuildFile; fileRef = 553BD4B91D1A871C0080A9F1 /* LICENSE.txt */; };
		553BD4C51D1A871C0080A9F1 /* OpenSans-Bold.ttf in Resources */ = {isa = PBXBuildFile; fileRef = 553BD4BA1D1A871C0080A9F1 /* OpenSans-Bold.ttf */; };
		553BD4C61D1A871C0080A9F1 /* OpenSans-BoldItalic.ttf in Resources */ = {isa = PBXBuildFile; fileRef = 553BD4BB1D1A871C0080A9F1 /* OpenSans-BoldItalic.ttf */; };
		553BD4C71D1A871C0080A9F1 /* OpenSans-ExtraBold.ttf in Resources */ = {isa = PBXBuildFile; fileRef = 553BD4BC1D1A871C0080A9F1 /* OpenSans-ExtraBold.ttf */; };
		553BD4C81D1A871C0080A9F1 /* OpenSans-ExtraBoldItalic.ttf in Resources */ = {isa = PBXBuildFile; fileRef = 553BD4BD1D1A871C0080A9F1 /* OpenSans-ExtraBoldItalic.ttf */; };
		553BD4C91D1A871C0080A9F1 /* OpenSans-Italic.ttf in Resources */ = {isa = PBXBuildFile; fileRef = 553BD4BE1D1A871C0080A9F1 /* OpenSans-Italic.ttf */; };
		553BD4CA1D1A871C0080A9F1 /* OpenSans-Light.ttf in Resources */ = {isa = PBXBuildFile; fileRef = 553BD4BF1D1A871C0080A9F1 /* OpenSans-Light.ttf */; };
		553BD4CB1D1A871C0080A9F1 /* OpenSans-LightItalic.ttf in Resources */ = {isa = PBXBuildFile; fileRef = 553BD4C01D1A871C0080A9F1 /* OpenSans-LightItalic.ttf */; };
		553BD4CC1D1A871C0080A9F1 /* OpenSans-Regular.ttf in Resources */ = {isa = PBXBuildFile; fileRef = 553BD4C11D1A871C0080A9F1 /* OpenSans-Regular.ttf */; };
		553BD4CD1D1A871C0080A9F1 /* OpenSans-Semibold.ttf in Resources */ = {isa = PBXBuildFile; fileRef = 553BD4C21D1A871C0080A9F1 /* OpenSans-Semibold.ttf */; };
		553BD4CE1D1A871C0080A9F1 /* OpenSans-SemiboldItalic.ttf in Resources */ = {isa = PBXBuildFile; fileRef = 553BD4C31D1A871C0080A9F1 /* OpenSans-SemiboldItalic.ttf */; };
		55C7F1001D18853100BBA707 /* SAPColor.m in Sources */ = {isa = PBXBuildFile; fileRef = 55C7F0FF1D18853100BBA707 /* SAPColor.m */; };
		55EFA1FA1CDFE3FC006E942A /* main.m in Sources */ = {isa = PBXBuildFile; fileRef = 55EFA1F91CDFE3FC006E942A /* main.m */; };
		55EFA1FD1CDFE3FC006E942A /* AppDelegate.m in Sources */ = {isa = PBXBuildFile; fileRef = 55EFA1FC1CDFE3FC006E942A /* AppDelegate.m */; };
		55EFA2CB1CDFE51D006E942A /* CGGeometry+SAPExtensions.m in Sources */ = {isa = PBXBuildFile; fileRef = 55EFA2141CDFE51D006E942A /* CGGeometry+SAPExtensions.m */; };
		55EFA2CC1CDFE51D006E942A /* NSManagedObject+SAPExtensions.m in Sources */ = {isa = PBXBuildFile; fileRef = 55EFA2181CDFE51D006E942A /* NSManagedObject+SAPExtensions.m */; };
		55EFA2CD1CDFE51D006E942A /* NSArray+SAPJSONArray.m in Sources */ = {isa = PBXBuildFile; fileRef = 55EFA21E1CDFE51D006E942A /* NSArray+SAPJSONArray.m */; };
		55EFA2CE1CDFE51D006E942A /* NSDictionary+SAPJSONDictionary.m in Sources */ = {isa = PBXBuildFile; fileRef = 55EFA2211CDFE51D006E942A /* NSDictionary+SAPJSONDictionary.m */; };
		55EFA2CF1CDFE51D006E942A /* NSNull+SAPJSONNull.m in Sources */ = {isa = PBXBuildFile; fileRef = 55EFA2241CDFE51D006E942A /* NSNull+SAPJSONNull.m */; };
		55EFA2D01CDFE51D006E942A /* NSNumber+SAPJSONNumber.m in Sources */ = {isa = PBXBuildFile; fileRef = 55EFA2271CDFE51D006E942A /* NSNumber+SAPJSONNumber.m */; };
		55EFA2D11CDFE51D006E942A /* NSObject+SAPJSONObject.m in Sources */ = {isa = PBXBuildFile; fileRef = 55EFA22A1CDFE51D006E942A /* NSObject+SAPJSONObject.m */; };
		55EFA2D21CDFE51D006E942A /* NSString+SAPJSONString.m in Sources */ = {isa = PBXBuildFile; fileRef = 55EFA22F1CDFE51D006E942A /* NSString+SAPJSONString.m */; };
		55EFA2D31CDFE51D006E942A /* NSURL+SAPJSONURL.m in Sources */ = {isa = PBXBuildFile; fileRef = 55EFA2321CDFE51D006E942A /* NSURL+SAPJSONURL.m */; };
		55EFA2D41CDFE51D006E942A /* NSFilemanager+SAPExtensions.m in Sources */ = {isa = PBXBuildFile; fileRef = 55EFA2351CDFE51D006E942A /* NSFilemanager+SAPExtensions.m */; };
		55EFA2D51CDFE51D006E942A /* NSIndexPath+SAPExtensions.m in Sources */ = {isa = PBXBuildFile; fileRef = 55EFA2381CDFE51D006E942A /* NSIndexPath+SAPExtensions.m */; };
		55EFA2D61CDFE51D006E942A /* NSNumber+SAPExtentions.m in Sources */ = {isa = PBXBuildFile; fileRef = 55EFA23B1CDFE51D006E942A /* NSNumber+SAPExtentions.m */; };
		55EFA2D71CDFE51D006E942A /* NSObject+SAPAssociatedObjects.m in Sources */ = {isa = PBXBuildFile; fileRef = 55EFA23F1CDFE51D006E942A /* NSObject+SAPAssociatedObjects.m */; };
		55EFA2D81CDFE51D006E942A /* NSObject+SAPExtensions.m in Sources */ = {isa = PBXBuildFile; fileRef = 55EFA2421CDFE51D006E942A /* NSObject+SAPExtensions.m */; };
		55EFA2D91CDFE51D006E942A /* NSPathUtilities+SAPExtensions.m in Sources */ = {isa = PBXBuildFile; fileRef = 55EFA2451CDFE51D006E942A /* NSPathUtilities+SAPExtensions.m */; };
		55EFA2DA1CDFE51D006E942A /* NSString+IOPRandomName.m in Sources */ = {isa = PBXBuildFile; fileRef = 55EFA2491CDFE51D006E942A /* NSString+IOPRandomName.m */; };
		55EFA2DB1CDFE51D006E942A /* NSString+SAPExtensions.m in Sources */ = {isa = PBXBuildFile; fileRef = 55EFA24C1CDFE51D006E942A /* NSString+SAPExtensions.m */; };
		55EFA2DC1CDFE51D006E942A /* NSURL+SAPExtensions.m in Sources */ = {isa = PBXBuildFile; fileRef = 55EFA24F1CDFE51D006E942A /* NSURL+SAPExtensions.m */; };
		55EFA2DD1CDFE51D006E942A /* UIAlertView+SAPExtensions.m in Sources */ = {isa = PBXBuildFile; fileRef = 55EFA2521CDFE51D006E942A /* UIAlertView+SAPExtensions.m */; };
		55EFA2DE1CDFE51D006E942A /* UINib+SAPExtensions.m in Sources */ = {isa = PBXBuildFile; fileRef = 55EFA2551CDFE51D006E942A /* UINib+SAPExtensions.m */; };
		55EFA2DF1CDFE51D006E942A /* UITableView+SAPExtensions.m in Sources */ = {isa = PBXBuildFile; fileRef = 55EFA2581CDFE51D006E942A /* UITableView+SAPExtensions.m */; };
		55EFA2E01CDFE51D006E942A /* UIWindow+SAPExtensions.m in Sources */ = {isa = PBXBuildFile; fileRef = 55EFA25B1CDFE51D006E942A /* UIWindow+SAPExtensions.m */; };
		55EFA2E11CDFE51D006E942A /* SAPContext.m in Sources */ = {isa = PBXBuildFile; fileRef = 55EFA2601CDFE51D006E942A /* SAPContext.m */; };
		55EFA2E21CDFE51D006E942A /* SAPCoreDataArrayModel.m in Sources */ = {isa = PBXBuildFile; fileRef = 55EFA2651CDFE51D006E942A /* SAPCoreDataArrayModel.m */; };
		55EFA2E31CDFE51D006E942A /* SAPCoreDataController.m in Sources */ = {isa = PBXBuildFile; fileRef = 55EFA2681CDFE51D006E942A /* SAPCoreDataController.m */; };
		55EFA2E41CDFE51D006E942A /* SAPIdentifiableManagedObject.m in Sources */ = {isa = PBXBuildFile; fileRef = 55EFA26C1CDFE51D006E942A /* SAPIdentifiableManagedObject.m */; };
		55EFA2E51CDFE51D006E942A /* SAPManagedObject.m in Sources */ = {isa = PBXBuildFile; fileRef = 55EFA26E1CDFE51D006E942A /* SAPManagedObject.m */; };
		55EFA2E61CDFE51D006E942A /* SAPCollectionChangeDoubleIndexModel +UITableView.m in Sources */ = {isa = PBXBuildFile; fileRef = 55EFA2731CDFE51D006E942A /* SAPCollectionChangeDoubleIndexModel +UITableView.m */; };
		55EFA2E71CDFE51D006E942A /* SAPCollectionChangeDoubleIndexModel.m in Sources */ = {isa = PBXBuildFile; fileRef = 55EFA2761CDFE51D006E942A /* SAPCollectionChangeDoubleIndexModel.m */; };
		55EFA2E81CDFE51D006E942A /* SAPCollectionChangeIndexModel+UITableView.m in Sources */ = {isa = PBXBuildFile; fileRef = 55EFA2791CDFE51D006E942A /* SAPCollectionChangeIndexModel+UITableView.m */; };
		55EFA2E91CDFE51D006E942A /* SAPCollectionChangeIndexModel.m in Sources */ = {isa = PBXBuildFile; fileRef = 55EFA27B1CDFE51D006E942A /* SAPCollectionChangeIndexModel.m */; };
		55EFA2EA1CDFE51D006E942A /* SAPArrayModel.m in Sources */ = {isa = PBXBuildFile; fileRef = 55EFA27D1CDFE51D006E942A /* SAPArrayModel.m */; };
		55EFA2EB1CDFE51D006E942A /* SAPCollectionChangeModel+SAPArrayModel.m in Sources */ = {isa = PBXBuildFile; fileRef = 55EFA27F1CDFE51D006E942A /* SAPCollectionChangeModel+SAPArrayModel.m */; };
		55EFA2EC1CDFE51D006E942A /* SAPCollectionChangeModel+UITableView.m in Sources */ = {isa = PBXBuildFile; fileRef = 55EFA2821CDFE51D006E942A /* SAPCollectionChangeModel+UITableView.m */; };
		55EFA2ED1CDFE51D006E942A /* SAPCollectionChangeModel.m in Sources */ = {isa = PBXBuildFile; fileRef = 55EFA2841CDFE51D006E942A /* SAPCollectionChangeModel.m */; };
		55EFA2EE1CDFE51D006E942A /* UITableView+SAPCollectionChangeModel.m in Sources */ = {isa = PBXBuildFile; fileRef = 55EFA2871CDFE51D006E942A /* UITableView+SAPCollectionChangeModel.m */; };
		55EFA2EF1CDFE51D006E942A /* SAPImageModel.m in Sources */ = {isa = PBXBuildFile; fileRef = 55EFA28A1CDFE51D006E942A /* SAPImageModel.m */; };
		55EFA2F01CDFE51D006E942A /* SAPModel.m in Sources */ = {isa = PBXBuildFile; fileRef = 55EFA28E1CDFE51D006E942A /* SAPModel.m */; };
		55EFA2F11CDFE51D006E942A /* SAPNumberGeneratorArray.m in Sources */ = {isa = PBXBuildFile; fileRef = 55EFA2931CDFE51D006E942A /* SAPNumberGeneratorArray.m */; };
		55EFA2F21CDFE51D006E942A /* SAPObjectCache.m in Sources */ = {isa = PBXBuildFile; fileRef = 55EFA2961CDFE51D006E942A /* SAPObjectCache.m */; };
		55EFA2F31CDFE51D006E942A /* SAPObservableObject.m in Sources */ = {isa = PBXBuildFile; fileRef = 55EFA2991CDFE51D006E942A /* SAPObservableObject.m */; };
		55EFA2F41CDFE51D006E942A /* SAPAssignReference.m in Sources */ = {isa = PBXBuildFile; fileRef = 55EFA29E1CDFE51D006E942A /* SAPAssignReference.m */; };
		55EFA2F51CDFE51D006E942A /* SAPReference.m in Sources */ = {isa = PBXBuildFile; fileRef = 55EFA2A01CDFE51D006E942A /* SAPReference.m */; };
		55EFA2F61CDFE51D006E942A /* SAPArrayViewController.m in Sources */ = {isa = PBXBuildFile; fileRef = 55EFA2A41CDFE51D006E942A /* SAPArrayViewController.m */; };
		55EFA2F71CDFE51D006E942A /* SAPViewController.m in Sources */ = {isa = PBXBuildFile; fileRef = 55EFA2A71CDFE51D006E942A /* SAPViewController.m */; };
		55EFA2F81CDFE51D006E942A /* SAPActivityIndicator.m in Sources */ = {isa = PBXBuildFile; fileRef = 55EFA2AB1CDFE51D006E942A /* SAPActivityIndicator.m */; };
		55EFA2F91CDFE51D006E942A /* SAPActivityIndicator.xib in Resources */ = {isa = PBXBuildFile; fileRef = 55EFA2AC1CDFE51D006E942A /* SAPActivityIndicator.xib */; };
		55EFA2FA1CDFE51D006E942A /* SAPImageView.m in Sources */ = {isa = PBXBuildFile; fileRef = 55EFA2AF1CDFE51D006E942A /* SAPImageView.m */; };
		55EFA2FB1CDFE51D006E942A /* SAPTableViewCell.m in Sources */ = {isa = PBXBuildFile; fileRef = 55EFA2B21CDFE51D006E942A /* SAPTableViewCell.m */; };
		55EFA2FC1CDFE51D006E942A /* SAPView.m in Sources */ = {isa = PBXBuildFile; fileRef = 55EFA2B61CDFE51D006E942A /* SAPView.m */; };
		55EFA2FD1CDFE51D006E942A /* SAPDispatch.m in Sources */ = {isa = PBXBuildFile; fileRef = 55EFA2BA1CDFE51D006E942A /* SAPDispatch.m */; };
		55EFA2FE1CDFE51D006E942A /* SAPSetters.m in Sources */ = {isa = PBXBuildFile; fileRef = 55EFA2BD1CDFE51D006E942A /* SAPSetters.m */; };
		55EFA3011CDFE571006E942A /* Assets.xcassets in Resources */ = {isa = PBXBuildFile; fileRef = 55EFA3001CDFE571006E942A /* Assets.xcassets */; };
		55F26A401CE103ED006EE91F /* SAPTasksViewController.m in Sources */ = {isa = PBXBuildFile; fileRef = 55F26A3E1CE103ED006EE91F /* SAPTasksViewController.m */; };
		55F26A411CE103ED006EE91F /* SAPTasksViewController.xib in Resources */ = {isa = PBXBuildFile; fileRef = 55F26A3F1CE103ED006EE91F /* SAPTasksViewController.xib */; };
		55F26A451CE104D2006EE91F /* SAPTask.m in Sources */ = {isa = PBXBuildFile; fileRef = 55F26A441CE104D2006EE91F /* SAPTask.m */; };
		55F26A481CE1066A006EE91F /* SAPTasksView.m in Sources */ = {isa = PBXBuildFile; fileRef = 55F26A471CE1066A006EE91F /* SAPTasksView.m */; };
		55F26A4C1CE10776006EE91F /* SAPTaskCell.m in Sources */ = {isa = PBXBuildFile; fileRef = 55F26A4B1CE10776006EE91F /* SAPTaskCell.m */; };
		55F26A4E1CE10DBE006EE91F /* SAPTaskCell.xib in Resources */ = {isa = PBXBuildFile; fileRef = 55F26A4D1CE10DBE006EE91F /* SAPTaskCell.xib */; };
		55F26A521CE1149B006EE91F /* SAPTaskViewController.m in Sources */ = {isa = PBXBuildFile; fileRef = 55F26A501CE1149B006EE91F /* SAPTaskViewController.m */; };
		55F26A531CE1149B006EE91F /* SAPTaskViewController.xib in Resources */ = {isa = PBXBuildFile; fileRef = 55F26A511CE1149B006EE91F /* SAPTaskViewController.xib */; };
		5EEF87C61D94173600DD9A98 /* UIColor+SAPExtensions.m in Sources */ = {isa = PBXBuildFile; fileRef = 5EEF87BF1D94173600DD9A98 /* UIColor+SAPExtensions.m */; };
		5EEF87C71D94173600DD9A98 /* LICENSE in Resources */ = {isa = PBXBuildFile; fileRef = 5EEF87C21D94173600DD9A98 /* LICENSE */; };
		5EEF87C81D94173600DD9A98 /* README.md in Sources */ = {isa = PBXBuildFile; fileRef = 5EEF87C31D94173600DD9A98 /* README.md */; };
		5EEF87C91D94173600DD9A98 /* UIColor+HexString.m in Sources */ = {isa = PBXBuildFile; fileRef = 5EEF87C51D94173600DD9A98 /* UIColor+HexString.m */; };
		5EEF87CC1D94179600DD9A98 /* UIColor+TaskNavigator.m in Sources */ = {isa = PBXBuildFile; fileRef = 5EEF87CB1D94179600DD9A98 /* UIColor+TaskNavigator.m */; };
		5EEF87CE1D9422D400DD9A98 /* CoreLocation.framework in Frameworks */ = {isa = PBXBuildFile; fileRef = 5EEF87CD1D9422D400DD9A98 /* CoreLocation.framework */; };
		5EEF87D01D9422DB00DD9A98 /* MapKit.framework in Frameworks */ = {isa = PBXBuildFile; fileRef = 5EEF87CF1D9422DB00DD9A98 /* MapKit.framework */; };
		5EEF87D71D95138000DD9A98 /* TaskNavigator.xcdatamodeld in Sources */ = {isa = PBXBuildFile; fileRef = 5EEF87D51D95138000DD9A98 /* TaskNavigator.xcdatamodeld */; };
		FF442FB415B8C469BA98E2F7 /* libPods-TaskNavigator.a in Frameworks */ = {isa = PBXBuildFile; fileRef = 8C5741C96A6025C087FFFFB0 /* libPods-TaskNavigator.a */; };
/* End PBXBuildFile section */

/* Begin PBXFileReference section */
		2F696ABF6C8DECEF87A9DAEF /* Pods-TaskNavigator.release.xcconfig */ = {isa = PBXFileReference; includeInIndex = 1; lastKnownFileType = text.xcconfig; name = "Pods-TaskNavigator.release.xcconfig"; path = "Pods/Target Support Files/Pods-TaskNavigator/Pods-TaskNavigator.release.xcconfig"; sourceTree = "<group>"; };
		550886D71CE2388A00B417F7 /* SAPTaskView.h */ = {isa = PBXFileReference; fileEncoding = 4; lastKnownFileType = sourcecode.c.h; path = SAPTaskView.h; sourceTree = "<group>"; };
		550886D81CE2388A00B417F7 /* SAPTaskView.m */ = {isa = PBXFileReference; fileEncoding = 4; lastKnownFileType = sourcecode.c.objc; path = SAPTaskView.m; sourceTree = "<group>"; };
		550886DA1CE245F100B417F7 /* SAPTaskMapViewController.h */ = {isa = PBXFileReference; fileEncoding = 4; lastKnownFileType = sourcecode.c.h; path = SAPTaskMapViewController.h; sourceTree = "<group>"; };
		550886DB1CE245F100B417F7 /* SAPTaskMapViewController.m */ = {isa = PBXFileReference; fileEncoding = 4; lastKnownFileType = sourcecode.c.objc; path = SAPTaskMapViewController.m; sourceTree = "<group>"; };
		550886DC1CE245F100B417F7 /* SAPTaskMapViewController.xib */ = {isa = PBXFileReference; fileEncoding = 4; lastKnownFileType = file.xib; path = SAPTaskMapViewController.xib; sourceTree = "<group>"; };
		550886DF1CE2465A00B417F7 /* SAPTasksMapViewController.h */ = {isa = PBXFileReference; fileEncoding = 4; lastKnownFileType = sourcecode.c.h; path = SAPTasksMapViewController.h; sourceTree = "<group>"; };
		550886E01CE2465A00B417F7 /* SAPTasksMapViewController.m */ = {isa = PBXFileReference; fileEncoding = 4; lastKnownFileType = sourcecode.c.objc; path = SAPTasksMapViewController.m; sourceTree = "<group>"; };
		550886E11CE2465A00B417F7 /* SAPTasksMapViewController.xib */ = {isa = PBXFileReference; fileEncoding = 4; lastKnownFileType = file.xib; path = SAPTasksMapViewController.xib; sourceTree = "<group>"; };
		550886E41CE2469600B417F7 /* SAPTaskMapView.h */ = {isa = PBXFileReference; fileEncoding = 4; lastKnownFileType = sourcecode.c.h; path = SAPTaskMapView.h; sourceTree = "<group>"; };
		550886E51CE2469600B417F7 /* SAPTaskMapView.m */ = {isa = PBXFileReference; fileEncoding = 4; lastKnownFileType = sourcecode.c.objc; path = SAPTaskMapView.m; sourceTree = "<group>"; };
		550886E71CE246CE00B417F7 /* SAPTasksMapView.h */ = {isa = PBXFileReference; fileEncoding = 4; lastKnownFileType = sourcecode.c.h; path = SAPTasksMapView.h; sourceTree = "<group>"; };
		550886E81CE246CE00B417F7 /* SAPTasksMapView.m */ = {isa = PBXFileReference; fileEncoding = 4; lastKnownFileType = sourcecode.c.objc; path = SAPTasksMapView.m; sourceTree = "<group>"; };
		553BD4B91D1A871C0080A9F1 /* LICENSE.txt */ = {isa = PBXFileReference; fileEncoding = 4; lastKnownFileType = text; path = LICENSE.txt; sourceTree = "<group>"; };
		553BD4BA1D1A871C0080A9F1 /* OpenSans-Bold.ttf */ = {isa = PBXFileReference; lastKnownFileType = file; path = "OpenSans-Bold.ttf"; sourceTree = "<group>"; };
		553BD4BB1D1A871C0080A9F1 /* OpenSans-BoldItalic.ttf */ = {isa = PBXFileReference; lastKnownFileType = file; path = "OpenSans-BoldItalic.ttf"; sourceTree = "<group>"; };
		553BD4BC1D1A871C0080A9F1 /* OpenSans-ExtraBold.ttf */ = {isa = PBXFileReference; lastKnownFileType = file; path = "OpenSans-ExtraBold.ttf"; sourceTree = "<group>"; };
		553BD4BD1D1A871C0080A9F1 /* OpenSans-ExtraBoldItalic.ttf */ = {isa = PBXFileReference; lastKnownFileType = file; path = "OpenSans-ExtraBoldItalic.ttf"; sourceTree = "<group>"; };
		553BD4BE1D1A871C0080A9F1 /* OpenSans-Italic.ttf */ = {isa = PBXFileReference; lastKnownFileType = file; path = "OpenSans-Italic.ttf"; sourceTree = "<group>"; };
		553BD4BF1D1A871C0080A9F1 /* OpenSans-Light.ttf */ = {isa = PBXFileReference; lastKnownFileType = file; path = "OpenSans-Light.ttf"; sourceTree = "<group>"; };
		553BD4C01D1A871C0080A9F1 /* OpenSans-LightItalic.ttf */ = {isa = PBXFileReference; lastKnownFileType = file; path = "OpenSans-LightItalic.ttf"; sourceTree = "<group>"; };
		553BD4C11D1A871C0080A9F1 /* OpenSans-Regular.ttf */ = {isa = PBXFileReference; lastKnownFileType = file; path = "OpenSans-Regular.ttf"; sourceTree = "<group>"; };
		553BD4C21D1A871C0080A9F1 /* OpenSans-Semibold.ttf */ = {isa = PBXFileReference; lastKnownFileType = file; path = "OpenSans-Semibold.ttf"; sourceTree = "<group>"; };
		553BD4C31D1A871C0080A9F1 /* OpenSans-SemiboldItalic.ttf */ = {isa = PBXFileReference; lastKnownFileType = file; path = "OpenSans-SemiboldItalic.ttf"; sourceTree = "<group>"; };
		55C7F0FE1D18853100BBA707 /* SAPColor.h */ = {isa = PBXFileReference; fileEncoding = 4; lastKnownFileType = sourcecode.c.h; path = SAPColor.h; sourceTree = "<group>"; };
		55C7F0FF1D18853100BBA707 /* SAPColor.m */ = {isa = PBXFileReference; fileEncoding = 4; lastKnownFileType = sourcecode.c.objc; path = SAPColor.m; sourceTree = "<group>"; };
		55EFA1F51CDFE3FC006E942A /* TaskNavigator.app */ = {isa = PBXFileReference; explicitFileType = wrapper.application; includeInIndex = 0; path = TaskNavigator.app; sourceTree = BUILT_PRODUCTS_DIR; };
		55EFA1F91CDFE3FC006E942A /* main.m */ = {isa = PBXFileReference; lastKnownFileType = sourcecode.c.objc; path = main.m; sourceTree = "<group>"; };
		55EFA1FB1CDFE3FC006E942A /* AppDelegate.h */ = {isa = PBXFileReference; lastKnownFileType = sourcecode.c.h; path = AppDelegate.h; sourceTree = "<group>"; };
		55EFA1FC1CDFE3FC006E942A /* AppDelegate.m */ = {isa = PBXFileReference; lastKnownFileType = sourcecode.c.objc; path = AppDelegate.m; sourceTree = "<group>"; };
		55EFA2091CDFE3FC006E942A /* Info.plist */ = {isa = PBXFileReference; lastKnownFileType = text.plist.xml; path = Info.plist; sourceTree = "<group>"; };
		55EFA2131CDFE51D006E942A /* CGGeometry+SAPExtensions.h */ = {isa = PBXFileReference; fileEncoding = 4; lastKnownFileType = sourcecode.c.h; path = "CGGeometry+SAPExtensions.h"; sourceTree = "<group>"; };
		55EFA2141CDFE51D006E942A /* CGGeometry+SAPExtensions.m */ = {isa = PBXFileReference; fileEncoding = 4; lastKnownFileType = sourcecode.c.objc; path = "CGGeometry+SAPExtensions.m"; sourceTree = "<group>"; };
		55EFA2171CDFE51D006E942A /* NSManagedObject+SAPExtensions.h */ = {isa = PBXFileReference; fileEncoding = 4; lastKnownFileType = sourcecode.c.h; path = "NSManagedObject+SAPExtensions.h"; sourceTree = "<group>"; };
		55EFA2181CDFE51D006E942A /* NSManagedObject+SAPExtensions.m */ = {isa = PBXFileReference; fileEncoding = 4; lastKnownFileType = sourcecode.c.objc; path = "NSManagedObject+SAPExtensions.m"; sourceTree = "<group>"; };
		55EFA21D1CDFE51D006E942A /* NSArray+SAPJSONArray.h */ = {isa = PBXFileReference; fileEncoding = 4; lastKnownFileType = sourcecode.c.h; path = "NSArray+SAPJSONArray.h"; sourceTree = "<group>"; };
		55EFA21E1CDFE51D006E942A /* NSArray+SAPJSONArray.m */ = {isa = PBXFileReference; fileEncoding = 4; lastKnownFileType = sourcecode.c.objc; path = "NSArray+SAPJSONArray.m"; sourceTree = "<group>"; };
		55EFA2201CDFE51D006E942A /* NSDictionary+SAPJSONDictionary.h */ = {isa = PBXFileReference; fileEncoding = 4; lastKnownFileType = sourcecode.c.h; path = "NSDictionary+SAPJSONDictionary.h"; sourceTree = "<group>"; };
		55EFA2211CDFE51D006E942A /* NSDictionary+SAPJSONDictionary.m */ = {isa = PBXFileReference; fileEncoding = 4; lastKnownFileType = sourcecode.c.objc; path = "NSDictionary+SAPJSONDictionary.m"; sourceTree = "<group>"; };
		55EFA2231CDFE51D006E942A /* NSNull+SAPJSONNull.h */ = {isa = PBXFileReference; fileEncoding = 4; lastKnownFileType = sourcecode.c.h; path = "NSNull+SAPJSONNull.h"; sourceTree = "<group>"; };
		55EFA2241CDFE51D006E942A /* NSNull+SAPJSONNull.m */ = {isa = PBXFileReference; fileEncoding = 4; lastKnownFileType = sourcecode.c.objc; path = "NSNull+SAPJSONNull.m"; sourceTree = "<group>"; };
		55EFA2261CDFE51D006E942A /* NSNumber+SAPJSONNumber.h */ = {isa = PBXFileReference; fileEncoding = 4; lastKnownFileType = sourcecode.c.h; path = "NSNumber+SAPJSONNumber.h"; sourceTree = "<group>"; };
		55EFA2271CDFE51D006E942A /* NSNumber+SAPJSONNumber.m */ = {isa = PBXFileReference; fileEncoding = 4; lastKnownFileType = sourcecode.c.objc; path = "NSNumber+SAPJSONNumber.m"; sourceTree = "<group>"; };
		55EFA2291CDFE51D006E942A /* NSObject+SAPJSONObject.h */ = {isa = PBXFileReference; fileEncoding = 4; lastKnownFileType = sourcecode.c.h; path = "NSObject+SAPJSONObject.h"; sourceTree = "<group>"; };
		55EFA22A1CDFE51D006E942A /* NSObject+SAPJSONObject.m */ = {isa = PBXFileReference; fileEncoding = 4; lastKnownFileType = sourcecode.c.objc; path = "NSObject+SAPJSONObject.m"; sourceTree = "<group>"; };
		55EFA22B1CDFE51D006E942A /* SAPJSONRepresentation.h */ = {isa = PBXFileReference; fileEncoding = 4; lastKnownFileType = sourcecode.c.h; path = SAPJSONRepresentation.h; sourceTree = "<group>"; };
		55EFA22C1CDFE51D006E942A /* SAPJSONRepresentationImports.h */ = {isa = PBXFileReference; fileEncoding = 4; lastKnownFileType = sourcecode.c.h; path = SAPJSONRepresentationImports.h; sourceTree = "<group>"; };
		55EFA22E1CDFE51D006E942A /* NSString+SAPJSONString.h */ = {isa = PBXFileReference; fileEncoding = 4; lastKnownFileType = sourcecode.c.h; path = "NSString+SAPJSONString.h"; sourceTree = "<group>"; };
		55EFA22F1CDFE51D006E942A /* NSString+SAPJSONString.m */ = {isa = PBXFileReference; fileEncoding = 4; lastKnownFileType = sourcecode.c.objc; path = "NSString+SAPJSONString.m"; sourceTree = "<group>"; };
		55EFA2311CDFE51D006E942A /* NSURL+SAPJSONURL.h */ = {isa = PBXFileReference; fileEncoding = 4; lastKnownFileType = sourcecode.c.h; path = "NSURL+SAPJSONURL.h"; sourceTree = "<group>"; };
		55EFA2321CDFE51D006E942A /* NSURL+SAPJSONURL.m */ = {isa = PBXFileReference; fileEncoding = 4; lastKnownFileType = sourcecode.c.objc; path = "NSURL+SAPJSONURL.m"; sourceTree = "<group>"; };
		55EFA2341CDFE51D006E942A /* NSFileManager+SAPExtensions.h */ = {isa = PBXFileReference; fileEncoding = 4; lastKnownFileType = sourcecode.c.h; path = "NSFileManager+SAPExtensions.h"; sourceTree = "<group>"; };
		55EFA2351CDFE51D006E942A /* NSFilemanager+SAPExtensions.m */ = {isa = PBXFileReference; fileEncoding = 4; lastKnownFileType = sourcecode.c.objc; path = "NSFilemanager+SAPExtensions.m"; sourceTree = "<group>"; };
		55EFA2371CDFE51D006E942A /* NSIndexPath+SAPExtensions.h */ = {isa = PBXFileReference; fileEncoding = 4; lastKnownFileType = sourcecode.c.h; path = "NSIndexPath+SAPExtensions.h"; sourceTree = "<group>"; };
		55EFA2381CDFE51D006E942A /* NSIndexPath+SAPExtensions.m */ = {isa = PBXFileReference; fileEncoding = 4; lastKnownFileType = sourcecode.c.objc; path = "NSIndexPath+SAPExtensions.m"; sourceTree = "<group>"; };
		55EFA23A1CDFE51D006E942A /* NSNumber+SAPExtentions.h */ = {isa = PBXFileReference; fileEncoding = 4; lastKnownFileType = sourcecode.c.h; path = "NSNumber+SAPExtentions.h"; sourceTree = "<group>"; };
		55EFA23B1CDFE51D006E942A /* NSNumber+SAPExtentions.m */ = {isa = PBXFileReference; fileEncoding = 4; lastKnownFileType = sourcecode.c.objc; path = "NSNumber+SAPExtentions.m"; sourceTree = "<group>"; };
		55EFA23E1CDFE51D006E942A /* NSObject+SAPAssociatedObjects.h */ = {isa = PBXFileReference; fileEncoding = 4; lastKnownFileType = sourcecode.c.h; path = "NSObject+SAPAssociatedObjects.h"; sourceTree = "<group>"; };
		55EFA23F1CDFE51D006E942A /* NSObject+SAPAssociatedObjects.m */ = {isa = PBXFileReference; fileEncoding = 4; lastKnownFileType = sourcecode.c.objc; path = "NSObject+SAPAssociatedObjects.m"; sourceTree = "<group>"; };
		55EFA2411CDFE51D006E942A /* NSObject+SAPExtensions.h */ = {isa = PBXFileReference; fileEncoding = 4; lastKnownFileType = sourcecode.c.h; path = "NSObject+SAPExtensions.h"; sourceTree = "<group>"; };
		55EFA2421CDFE51D006E942A /* NSObject+SAPExtensions.m */ = {isa = PBXFileReference; fileEncoding = 4; lastKnownFileType = sourcecode.c.objc; path = "NSObject+SAPExtensions.m"; sourceTree = "<group>"; };
		55EFA2441CDFE51D006E942A /* NSPathUtilities+SAPExtensions.h */ = {isa = PBXFileReference; fileEncoding = 4; lastKnownFileType = sourcecode.c.h; path = "NSPathUtilities+SAPExtensions.h"; sourceTree = "<group>"; };
		55EFA2451CDFE51D006E942A /* NSPathUtilities+SAPExtensions.m */ = {isa = PBXFileReference; fileEncoding = 4; lastKnownFileType = sourcecode.c.objc; path = "NSPathUtilities+SAPExtensions.m"; sourceTree = "<group>"; };
		55EFA2481CDFE51D006E942A /* NSString+IOPRandomName.h */ = {isa = PBXFileReference; fileEncoding = 4; lastKnownFileType = sourcecode.c.h; path = "NSString+IOPRandomName.h"; sourceTree = "<group>"; };
		55EFA2491CDFE51D006E942A /* NSString+IOPRandomName.m */ = {isa = PBXFileReference; fileEncoding = 4; lastKnownFileType = sourcecode.c.objc; path = "NSString+IOPRandomName.m"; sourceTree = "<group>"; };
		55EFA24B1CDFE51D006E942A /* NSString+SAPExtensions.h */ = {isa = PBXFileReference; fileEncoding = 4; lastKnownFileType = sourcecode.c.h; path = "NSString+SAPExtensions.h"; sourceTree = "<group>"; };
		55EFA24C1CDFE51D006E942A /* NSString+SAPExtensions.m */ = {isa = PBXFileReference; fileEncoding = 4; lastKnownFileType = sourcecode.c.objc; path = "NSString+SAPExtensions.m"; sourceTree = "<group>"; };
		55EFA24E1CDFE51D006E942A /* NSURL+SAPExtensions.h */ = {isa = PBXFileReference; fileEncoding = 4; lastKnownFileType = sourcecode.c.h; path = "NSURL+SAPExtensions.h"; sourceTree = "<group>"; };
		55EFA24F1CDFE51D006E942A /* NSURL+SAPExtensions.m */ = {isa = PBXFileReference; fileEncoding = 4; lastKnownFileType = sourcecode.c.objc; path = "NSURL+SAPExtensions.m"; sourceTree = "<group>"; };
		55EFA2511CDFE51D006E942A /* UIAlertView+SAPExtensions.h */ = {isa = PBXFileReference; fileEncoding = 4; lastKnownFileType = sourcecode.c.h; path = "UIAlertView+SAPExtensions.h"; sourceTree = "<group>"; };
		55EFA2521CDFE51D006E942A /* UIAlertView+SAPExtensions.m */ = {isa = PBXFileReference; fileEncoding = 4; lastKnownFileType = sourcecode.c.objc; path = "UIAlertView+SAPExtensions.m"; sourceTree = "<group>"; };
		55EFA2541CDFE51D006E942A /* UINib+SAPExtensions.h */ = {isa = PBXFileReference; fileEncoding = 4; lastKnownFileType = sourcecode.c.h; path = "UINib+SAPExtensions.h"; sourceTree = "<group>"; };
		55EFA2551CDFE51D006E942A /* UINib+SAPExtensions.m */ = {isa = PBXFileReference; fileEncoding = 4; lastKnownFileType = sourcecode.c.objc; path = "UINib+SAPExtensions.m"; sourceTree = "<group>"; };
		55EFA2571CDFE51D006E942A /* UITableView+SAPExtensions.h */ = {isa = PBXFileReference; fileEncoding = 4; lastKnownFileType = sourcecode.c.h; path = "UITableView+SAPExtensions.h"; sourceTree = "<group>"; };
		55EFA2581CDFE51D006E942A /* UITableView+SAPExtensions.m */ = {isa = PBXFileReference; fileEncoding = 4; lastKnownFileType = sourcecode.c.objc; path = "UITableView+SAPExtensions.m"; sourceTree = "<group>"; };
		55EFA25A1CDFE51D006E942A /* UIWindow+SAPExtensions.h */ = {isa = PBXFileReference; fileEncoding = 4; lastKnownFileType = sourcecode.c.h; path = "UIWindow+SAPExtensions.h"; sourceTree = "<group>"; };
		55EFA25B1CDFE51D006E942A /* UIWindow+SAPExtensions.m */ = {isa = PBXFileReference; fileEncoding = 4; lastKnownFileType = sourcecode.c.objc; path = "UIWindow+SAPExtensions.m"; sourceTree = "<group>"; };
		55EFA25F1CDFE51D006E942A /* SAPContext.h */ = {isa = PBXFileReference; fileEncoding = 4; lastKnownFileType = sourcecode.c.h; path = SAPContext.h; sourceTree = "<group>"; };
		55EFA2601CDFE51D006E942A /* SAPContext.m */ = {isa = PBXFileReference; fileEncoding = 4; lastKnownFileType = sourcecode.c.objc; path = SAPContext.m; sourceTree = "<group>"; };
		55EFA2641CDFE51D006E942A /* SAPCoreDataArrayModel.h */ = {isa = PBXFileReference; fileEncoding = 4; lastKnownFileType = sourcecode.c.h; path = SAPCoreDataArrayModel.h; sourceTree = "<group>"; };
		55EFA2651CDFE51D006E942A /* SAPCoreDataArrayModel.m */ = {isa = PBXFileReference; fileEncoding = 4; lastKnownFileType = sourcecode.c.objc; path = SAPCoreDataArrayModel.m; sourceTree = "<group>"; };
		55EFA2671CDFE51D006E942A /* SAPCoreDataController.h */ = {isa = PBXFileReference; fileEncoding = 4; lastKnownFileType = sourcecode.c.h; path = SAPCoreDataController.h; sourceTree = "<group>"; };
		55EFA2681CDFE51D006E942A /* SAPCoreDataController.m */ = {isa = PBXFileReference; fileEncoding = 4; lastKnownFileType = sourcecode.c.objc; path = SAPCoreDataController.m; sourceTree = "<group>"; };
		55EFA26B1CDFE51D006E942A /* SAPIdentifiableManagedObject.h */ = {isa = PBXFileReference; fileEncoding = 4; lastKnownFileType = sourcecode.c.h; path = SAPIdentifiableManagedObject.h; sourceTree = "<group>"; };
		55EFA26C1CDFE51D006E942A /* SAPIdentifiableManagedObject.m */ = {isa = PBXFileReference; fileEncoding = 4; lastKnownFileType = sourcecode.c.objc; path = SAPIdentifiableManagedObject.m; sourceTree = "<group>"; };
		55EFA26D1CDFE51D006E942A /* SAPManagedObject.h */ = {isa = PBXFileReference; fileEncoding = 4; lastKnownFileType = sourcecode.c.h; path = SAPManagedObject.h; sourceTree = "<group>"; };
		55EFA26E1CDFE51D006E942A /* SAPManagedObject.m */ = {isa = PBXFileReference; fileEncoding = 4; lastKnownFileType = sourcecode.c.objc; path = SAPManagedObject.m; sourceTree = "<group>"; };
		55EFA2731CDFE51D006E942A /* SAPCollectionChangeDoubleIndexModel +UITableView.m */ = {isa = PBXFileReference; fileEncoding = 4; lastKnownFileType = sourcecode.c.objc; path = "SAPCollectionChangeDoubleIndexModel +UITableView.m"; sourceTree = "<group>"; };
		55EFA2741CDFE51D006E942A /* SAPCollectionChangeDoubleIndexModel+UITableView.h */ = {isa = PBXFileReference; fileEncoding = 4; lastKnownFileType = sourcecode.c.h; path = "SAPCollectionChangeDoubleIndexModel+UITableView.h"; sourceTree = "<group>"; };
		55EFA2751CDFE51D006E942A /* SAPCollectionChangeDoubleIndexModel.h */ = {isa = PBXFileReference; fileEncoding = 4; lastKnownFileType = sourcecode.c.h; path = SAPCollectionChangeDoubleIndexModel.h; sourceTree = "<group>"; };
		55EFA2761CDFE51D006E942A /* SAPCollectionChangeDoubleIndexModel.m */ = {isa = PBXFileReference; fileEncoding = 4; lastKnownFileType = sourcecode.c.objc; path = SAPCollectionChangeDoubleIndexModel.m; sourceTree = "<group>"; };
		55EFA2781CDFE51D006E942A /* SAPCollectionChangeIndexModel+UITableView.h */ = {isa = PBXFileReference; fileEncoding = 4; lastKnownFileType = sourcecode.c.h; path = "SAPCollectionChangeIndexModel+UITableView.h"; sourceTree = "<group>"; };
		55EFA2791CDFE51D006E942A /* SAPCollectionChangeIndexModel+UITableView.m */ = {isa = PBXFileReference; fileEncoding = 4; lastKnownFileType = sourcecode.c.objc; path = "SAPCollectionChangeIndexModel+UITableView.m"; sourceTree = "<group>"; };
		55EFA27A1CDFE51D006E942A /* SAPCollectionChangeIndexModel.h */ = {isa = PBXFileReference; fileEncoding = 4; lastKnownFileType = sourcecode.c.h; path = SAPCollectionChangeIndexModel.h; sourceTree = "<group>"; };
		55EFA27B1CDFE51D006E942A /* SAPCollectionChangeIndexModel.m */ = {isa = PBXFileReference; fileEncoding = 4; lastKnownFileType = sourcecode.c.objc; path = SAPCollectionChangeIndexModel.m; sourceTree = "<group>"; };
		55EFA27C1CDFE51D006E942A /* SAPArrayModel.h */ = {isa = PBXFileReference; fileEncoding = 4; lastKnownFileType = sourcecode.c.h; path = SAPArrayModel.h; sourceTree = "<group>"; };
		55EFA27D1CDFE51D006E942A /* SAPArrayModel.m */ = {isa = PBXFileReference; fileEncoding = 4; lastKnownFileType = sourcecode.c.objc; path = SAPArrayModel.m; sourceTree = "<group>"; };
		55EFA27E1CDFE51D006E942A /* SAPCollectionChangeModel+SAPArrayModel.h */ = {isa = PBXFileReference; fileEncoding = 4; lastKnownFileType = sourcecode.c.h; path = "SAPCollectionChangeModel+SAPArrayModel.h"; sourceTree = "<group>"; };
		55EFA27F1CDFE51D006E942A /* SAPCollectionChangeModel+SAPArrayModel.m */ = {isa = PBXFileReference; fileEncoding = 4; lastKnownFileType = sourcecode.c.objc; path = "SAPCollectionChangeModel+SAPArrayModel.m"; sourceTree = "<group>"; };
		55EFA2811CDFE51D006E942A /* SAPCollectionChangeModel+UITableView.h */ = {isa = PBXFileReference; fileEncoding = 4; lastKnownFileType = sourcecode.c.h; path = "SAPCollectionChangeModel+UITableView.h"; sourceTree = "<group>"; };
		55EFA2821CDFE51D006E942A /* SAPCollectionChangeModel+UITableView.m */ = {isa = PBXFileReference; fileEncoding = 4; lastKnownFileType = sourcecode.c.objc; path = "SAPCollectionChangeModel+UITableView.m"; sourceTree = "<group>"; };
		55EFA2831CDFE51D006E942A /* SAPCollectionChangeModel.h */ = {isa = PBXFileReference; fileEncoding = 4; lastKnownFileType = sourcecode.c.h; path = SAPCollectionChangeModel.h; sourceTree = "<group>"; };
		55EFA2841CDFE51D006E942A /* SAPCollectionChangeModel.m */ = {isa = PBXFileReference; fileEncoding = 4; lastKnownFileType = sourcecode.c.objc; path = SAPCollectionChangeModel.m; sourceTree = "<group>"; };
		55EFA2851CDFE51D006E942A /* SAPCollectionObserver.h */ = {isa = PBXFileReference; fileEncoding = 4; lastKnownFileType = sourcecode.c.h; path = SAPCollectionObserver.h; sourceTree = "<group>"; };
		55EFA2861CDFE51D006E942A /* UITableView+SAPCollectionChangeModel.h */ = {isa = PBXFileReference; fileEncoding = 4; lastKnownFileType = sourcecode.c.h; path = "UITableView+SAPCollectionChangeModel.h"; sourceTree = "<group>"; };
		55EFA2871CDFE51D006E942A /* UITableView+SAPCollectionChangeModel.m */ = {isa = PBXFileReference; fileEncoding = 4; lastKnownFileType = sourcecode.c.objc; path = "UITableView+SAPCollectionChangeModel.m"; sourceTree = "<group>"; };
		55EFA2891CDFE51D006E942A /* SAPImageModel.h */ = {isa = PBXFileReference; fileEncoding = 4; lastKnownFileType = sourcecode.c.h; path = SAPImageModel.h; sourceTree = "<group>"; };
		55EFA28A1CDFE51D006E942A /* SAPImageModel.m */ = {isa = PBXFileReference; fileEncoding = 4; lastKnownFileType = sourcecode.c.objc; path = SAPImageModel.m; sourceTree = "<group>"; };
		55EFA28C1CDFE51D006E942A /* SAPCacheableModel.h */ = {isa = PBXFileReference; fileEncoding = 4; lastKnownFileType = sourcecode.c.h; path = SAPCacheableModel.h; sourceTree = "<group>"; };
		55EFA28D1CDFE51D006E942A /* SAPModel.h */ = {isa = PBXFileReference; fileEncoding = 4; lastKnownFileType = sourcecode.c.h; path = SAPModel.h; sourceTree = "<group>"; };
		55EFA28E1CDFE51D006E942A /* SAPModel.m */ = {isa = PBXFileReference; fileEncoding = 4; lastKnownFileType = sourcecode.c.objc; path = SAPModel.m; sourceTree = "<group>"; };
		55EFA28F1CDFE51D006E942A /* SAPModelObserver.h */ = {isa = PBXFileReference; fileEncoding = 4; lastKnownFileType = sourcecode.c.h; path = SAPModelObserver.h; sourceTree = "<group>"; };
		55EFA2901CDFE51D006E942A /* SAPModelProtocol.h */ = {isa = PBXFileReference; fileEncoding = 4; lastKnownFileType = sourcecode.c.h; path = SAPModelProtocol.h; sourceTree = "<group>"; };
		55EFA2921CDFE51D006E942A /* SAPNumberGeneratorArray.h */ = {isa = PBXFileReference; fileEncoding = 4; lastKnownFileType = sourcecode.c.h; path = SAPNumberGeneratorArray.h; sourceTree = "<group>"; };
		55EFA2931CDFE51D006E942A /* SAPNumberGeneratorArray.m */ = {isa = PBXFileReference; fileEncoding = 4; lastKnownFileType = sourcecode.c.objc; path = SAPNumberGeneratorArray.m; sourceTree = "<group>"; };
		55EFA2951CDFE51D006E942A /* SAPObjectCache.h */ = {isa = PBXFileReference; fileEncoding = 4; lastKnownFileType = sourcecode.c.h; path = SAPObjectCache.h; sourceTree = "<group>"; };
		55EFA2961CDFE51D006E942A /* SAPObjectCache.m */ = {isa = PBXFileReference; fileEncoding = 4; lastKnownFileType = sourcecode.c.objc; path = SAPObjectCache.m; sourceTree = "<group>"; };
		55EFA2981CDFE51D006E942A /* SAPObservableObject.h */ = {isa = PBXFileReference; fileEncoding = 4; lastKnownFileType = sourcecode.c.h; path = SAPObservableObject.h; sourceTree = "<group>"; };
		55EFA2991CDFE51D006E942A /* SAPObservableObject.m */ = {isa = PBXFileReference; fileEncoding = 4; lastKnownFileType = sourcecode.c.objc; path = SAPObservableObject.m; sourceTree = "<group>"; };
		55EFA29A1CDFE51D006E942A /* SAPObservableObjectProtocol.h */ = {isa = PBXFileReference; fileEncoding = 4; lastKnownFileType = sourcecode.c.h; path = SAPObservableObjectProtocol.h; sourceTree = "<group>"; };
		55EFA29D1CDFE51D006E942A /* SAPAssignReference.h */ = {isa = PBXFileReference; fileEncoding = 4; lastKnownFileType = sourcecode.c.h; path = SAPAssignReference.h; sourceTree = "<group>"; };
		55EFA29E1CDFE51D006E942A /* SAPAssignReference.m */ = {isa = PBXFileReference; fileEncoding = 4; lastKnownFileType = sourcecode.c.objc; path = SAPAssignReference.m; sourceTree = "<group>"; };
		55EFA29F1CDFE51D006E942A /* SAPReference.h */ = {isa = PBXFileReference; fileEncoding = 4; lastKnownFileType = sourcecode.c.h; path = SAPReference.h; sourceTree = "<group>"; };
		55EFA2A01CDFE51D006E942A /* SAPReference.m */ = {isa = PBXFileReference; fileEncoding = 4; lastKnownFileType = sourcecode.c.objc; path = SAPReference.m; sourceTree = "<group>"; };
		55EFA2A31CDFE51D006E942A /* SAPArrayViewController.h */ = {isa = PBXFileReference; fileEncoding = 4; lastKnownFileType = sourcecode.c.h; path = SAPArrayViewController.h; sourceTree = "<group>"; };
		55EFA2A41CDFE51D006E942A /* SAPArrayViewController.m */ = {isa = PBXFileReference; fileEncoding = 4; lastKnownFileType = sourcecode.c.objc; path = SAPArrayViewController.m; sourceTree = "<group>"; };
		55EFA2A61CDFE51D006E942A /* SAPViewController.h */ = {isa = PBXFileReference; fileEncoding = 4; lastKnownFileType = sourcecode.c.h; path = SAPViewController.h; sourceTree = "<group>"; };
		55EFA2A71CDFE51D006E942A /* SAPViewController.m */ = {isa = PBXFileReference; fileEncoding = 4; lastKnownFileType = sourcecode.c.objc; path = SAPViewController.m; sourceTree = "<group>"; };
		55EFA2AA1CDFE51D006E942A /* SAPActivityIndicator.h */ = {isa = PBXFileReference; fileEncoding = 4; lastKnownFileType = sourcecode.c.h; path = SAPActivityIndicator.h; sourceTree = "<group>"; };
		55EFA2AB1CDFE51D006E942A /* SAPActivityIndicator.m */ = {isa = PBXFileReference; fileEncoding = 4; lastKnownFileType = sourcecode.c.objc; path = SAPActivityIndicator.m; sourceTree = "<group>"; };
		55EFA2AC1CDFE51D006E942A /* SAPActivityIndicator.xib */ = {isa = PBXFileReference; fileEncoding = 4; lastKnownFileType = file.xib; path = SAPActivityIndicator.xib; sourceTree = "<group>"; };
		55EFA2AE1CDFE51D006E942A /* SAPImageView.h */ = {isa = PBXFileReference; fileEncoding = 4; lastKnownFileType = sourcecode.c.h; path = SAPImageView.h; sourceTree = "<group>"; };
		55EFA2AF1CDFE51D006E942A /* SAPImageView.m */ = {isa = PBXFileReference; fileEncoding = 4; lastKnownFileType = sourcecode.c.objc; path = SAPImageView.m; sourceTree = "<group>"; };
		55EFA2B11CDFE51D006E942A /* SAPTableViewCell.h */ = {isa = PBXFileReference; fileEncoding = 4; lastKnownFileType = sourcecode.c.h; path = SAPTableViewCell.h; sourceTree = "<group>"; };
		55EFA2B21CDFE51D006E942A /* SAPTableViewCell.m */ = {isa = PBXFileReference; fileEncoding = 4; lastKnownFileType = sourcecode.c.objc; path = SAPTableViewCell.m; sourceTree = "<group>"; };
		55EFA2B41CDFE51D006E942A /* SAPLoadingView.h */ = {isa = PBXFileReference; fileEncoding = 4; lastKnownFileType = sourcecode.c.h; path = SAPLoadingView.h; sourceTree = "<group>"; };
		55EFA2B51CDFE51D006E942A /* SAPView.h */ = {isa = PBXFileReference; fileEncoding = 4; lastKnownFileType = sourcecode.c.h; path = SAPView.h; sourceTree = "<group>"; };
		55EFA2B61CDFE51D006E942A /* SAPView.m */ = {isa = PBXFileReference; fileEncoding = 4; lastKnownFileType = sourcecode.c.objc; path = SAPView.m; sourceTree = "<group>"; };
		55EFA2B91CDFE51D006E942A /* SAPDispatch.h */ = {isa = PBXFileReference; fileEncoding = 4; lastKnownFileType = sourcecode.c.h; path = SAPDispatch.h; sourceTree = "<group>"; };
		55EFA2BA1CDFE51D006E942A /* SAPDispatch.m */ = {isa = PBXFileReference; fileEncoding = 4; lastKnownFileType = sourcecode.c.objc; path = SAPDispatch.m; sourceTree = "<group>"; };
		55EFA2BC1CDFE51D006E942A /* SAPSetters.h */ = {isa = PBXFileReference; fileEncoding = 4; lastKnownFileType = sourcecode.c.h; path = SAPSetters.h; sourceTree = "<group>"; };
		55EFA2BD1CDFE51D006E942A /* SAPSetters.m */ = {isa = PBXFileReference; fileEncoding = 4; lastKnownFileType = sourcecode.c.objc; path = SAPSetters.m; sourceTree = "<group>"; };
		55EFA2BF1CDFE51D006E942A /* SAPClangMacro.h */ = {isa = PBXFileReference; fileEncoding = 4; lastKnownFileType = sourcecode.c.h; path = SAPClangMacro.h; sourceTree = "<group>"; };
		55EFA2C01CDFE51D006E942A /* SAPContextSetterMacro.h */ = {isa = PBXFileReference; fileEncoding = 4; lastKnownFileType = sourcecode.c.h; path = SAPContextSetterMacro.h; sourceTree = "<group>"; };
		55EFA2C11CDFE51D006E942A /* SAPDispatchOnceMacro.h */ = {isa = PBXFileReference; fileEncoding = 4; lastKnownFileType = sourcecode.c.h; path = SAPDispatchOnceMacro.h; sourceTree = "<group>"; };
		55EFA2C21CDFE51D006E942A /* SAPNilToNSNullMacro.h */ = {isa = PBXFileReference; fileEncoding = 4; lastKnownFileType = sourcecode.c.h; path = SAPNilToNSNullMacro.h; sourceTree = "<group>"; };
		55EFA2C31CDFE51D006E942A /* SAPOwnershipMacro.h */ = {isa = PBXFileReference; fileEncoding = 4; lastKnownFileType = sourcecode.c.h; path = SAPOwnershipMacro.h; sourceTree = "<group>"; };
		55EFA2C41CDFE51D006E942A /* SAPViewControllerMacro.h */ = {isa = PBXFileReference; fileEncoding = 4; lastKnownFileType = sourcecode.c.h; path = SAPViewControllerMacro.h; sourceTree = "<group>"; };
		55EFA2C61CDFE51D006E942A /* SAPModelView.h */ = {isa = PBXFileReference; fileEncoding = 4; lastKnownFileType = sourcecode.c.h; path = SAPModelView.h; sourceTree = "<group>"; };
		55EFA3001CDFE571006E942A /* Assets.xcassets */ = {isa = PBXFileReference; lastKnownFileType = folder.assetcatalog; path = Assets.xcassets; sourceTree = "<group>"; };
		55F26A3D1CE103ED006EE91F /* SAPTasksViewController.h */ = {isa = PBXFileReference; fileEncoding = 4; lastKnownFileType = sourcecode.c.h; path = SAPTasksViewController.h; sourceTree = "<group>"; };
		55F26A3E1CE103ED006EE91F /* SAPTasksViewController.m */ = {isa = PBXFileReference; fileEncoding = 4; lastKnownFileType = sourcecode.c.objc; path = SAPTasksViewController.m; sourceTree = "<group>"; };
		55F26A3F1CE103ED006EE91F /* SAPTasksViewController.xib */ = {isa = PBXFileReference; fileEncoding = 4; lastKnownFileType = file.xib; path = SAPTasksViewController.xib; sourceTree = "<group>"; };
		55F26A431CE104D2006EE91F /* SAPTask.h */ = {isa = PBXFileReference; fileEncoding = 4; lastKnownFileType = sourcecode.c.h; path = SAPTask.h; sourceTree = "<group>"; };
		55F26A441CE104D2006EE91F /* SAPTask.m */ = {isa = PBXFileReference; fileEncoding = 4; lastKnownFileType = sourcecode.c.objc; path = SAPTask.m; sourceTree = "<group>"; };
		55F26A461CE1066A006EE91F /* SAPTasksView.h */ = {isa = PBXFileReference; fileEncoding = 4; lastKnownFileType = sourcecode.c.h; path = SAPTasksView.h; sourceTree = "<group>"; };
		55F26A471CE1066A006EE91F /* SAPTasksView.m */ = {isa = PBXFileReference; fileEncoding = 4; lastKnownFileType = sourcecode.c.objc; path = SAPTasksView.m; sourceTree = "<group>"; };
		55F26A4A1CE10776006EE91F /* SAPTaskCell.h */ = {isa = PBXFileReference; fileEncoding = 4; lastKnownFileType = sourcecode.c.h; path = SAPTaskCell.h; sourceTree = "<group>"; };
		55F26A4B1CE10776006EE91F /* SAPTaskCell.m */ = {isa = PBXFileReference; fileEncoding = 4; lastKnownFileType = sourcecode.c.objc; path = SAPTaskCell.m; sourceTree = "<group>"; };
		55F26A4D1CE10DBE006EE91F /* SAPTaskCell.xib */ = {isa = PBXFileReference; fileEncoding = 4; lastKnownFileType = file.xib; path = SAPTaskCell.xib; sourceTree = "<group>"; };
		55F26A4F1CE1149B006EE91F /* SAPTaskViewController.h */ = {isa = PBXFileReference; fileEncoding = 4; lastKnownFileType = sourcecode.c.h; path = SAPTaskViewController.h; sourceTree = "<group>"; };
		55F26A501CE1149B006EE91F /* SAPTaskViewController.m */ = {isa = PBXFileReference; fileEncoding = 4; lastKnownFileType = sourcecode.c.objc; path = SAPTaskViewController.m; sourceTree = "<group>"; };
		55F26A511CE1149B006EE91F /* SAPTaskViewController.xib */ = {isa = PBXFileReference; fileEncoding = 4; lastKnownFileType = file.xib; path = SAPTaskViewController.xib; sourceTree = "<group>"; };
		5EEF87BE1D94173600DD9A98 /* UIColor+SAPExtensions.h */ = {isa = PBXFileReference; fileEncoding = 4; lastKnownFileType = sourcecode.c.h; path = "UIColor+SAPExtensions.h"; sourceTree = "<group>"; };
		5EEF87BF1D94173600DD9A98 /* UIColor+SAPExtensions.m */ = {isa = PBXFileReference; fileEncoding = 4; lastKnownFileType = sourcecode.c.objc; path = "UIColor+SAPExtensions.m"; sourceTree = "<group>"; };
		5EEF87C21D94173600DD9A98 /* LICENSE */ = {isa = PBXFileReference; fileEncoding = 4; lastKnownFileType = text; path = LICENSE; sourceTree = "<group>"; };
		5EEF87C31D94173600DD9A98 /* README.md */ = {isa = PBXFileReference; fileEncoding = 4; lastKnownFileType = net.daringfireball.markdown; path = README.md; sourceTree = "<group>"; };
		5EEF87C41D94173600DD9A98 /* UIColor+HexString.h */ = {isa = PBXFileReference; fileEncoding = 4; lastKnownFileType = sourcecode.c.h; path = "UIColor+HexString.h"; sourceTree = "<group>"; };
		5EEF87C51D94173600DD9A98 /* UIColor+HexString.m */ = {isa = PBXFileReference; fileEncoding = 4; lastKnownFileType = sourcecode.c.objc; path = "UIColor+HexString.m"; sourceTree = "<group>"; };
		5EEF87CA1D94179600DD9A98 /* UIColor+TaskNavigator.h */ = {isa = PBXFileReference; fileEncoding = 4; lastKnownFileType = sourcecode.c.h; path = "UIColor+TaskNavigator.h"; sourceTree = "<group>"; };
		5EEF87CB1D94179600DD9A98 /* UIColor+TaskNavigator.m */ = {isa = PBXFileReference; fileEncoding = 4; lastKnownFileType = sourcecode.c.objc; path = "UIColor+TaskNavigator.m"; sourceTree = "<group>"; };
		5EEF87CD1D9422D400DD9A98 /* CoreLocation.framework */ = {isa = PBXFileReference; lastKnownFileType = wrapper.framework; name = CoreLocation.framework; path = System/Library/Frameworks/CoreLocation.framework; sourceTree = SDKROOT; };
		5EEF87CF1D9422DB00DD9A98 /* MapKit.framework */ = {isa = PBXFileReference; lastKnownFileType = wrapper.framework; name = MapKit.framework; path = System/Library/Frameworks/MapKit.framework; sourceTree = SDKROOT; };
		5EEF87D61D95138000DD9A98 /* TaskNavigator.xcdatamodel */ = {isa = PBXFileReference; lastKnownFileType = wrapper.xcdatamodel; path = TaskNavigator.xcdatamodel; sourceTree = "<group>"; };
		8C5741C96A6025C087FFFFB0 /* libPods-TaskNavigator.a */ = {isa = PBXFileReference; explicitFileType = archive.ar; includeInIndex = 0; path = "libPods-TaskNavigator.a"; sourceTree = BUILT_PRODUCTS_DIR; };
		A3E6CF9270AA95C296D81777 /* Pods-TaskNavigator.debug.xcconfig */ = {isa = PBXFileReference; includeInIndex = 1; lastKnownFileType = text.xcconfig; name = "Pods-TaskNavigator.debug.xcconfig"; path = "Pods/Target Support Files/Pods-TaskNavigator/Pods-TaskNavigator.debug.xcconfig"; sourceTree = "<group>"; };
/* End PBXFileReference section */

/* Begin PBXFrameworksBuildPhase section */
		55EFA1F21CDFE3FC006E942A /* Frameworks */ = {
			isa = PBXFrameworksBuildPhase;
			buildActionMask = 2147483647;
			files = (
				5EEF87D01D9422DB00DD9A98 /* MapKit.framework in Frameworks */,
				5EEF87CE1D9422D400DD9A98 /* CoreLocation.framework in Frameworks */,
				FF442FB415B8C469BA98E2F7 /* libPods-TaskNavigator.a in Frameworks */,
			);
			runOnlyForDeploymentPostprocessing = 0;
		};
/* End PBXFrameworksBuildPhase section */

/* Begin PBXGroup section */
		1F1B5477A53A0D8FD349240F /* Pods */ = {
			isa = PBXGroup;
			children = (
				A3E6CF9270AA95C296D81777 /* Pods-TaskNavigator.debug.xcconfig */,
				2F696ABF6C8DECEF87A9DAEF /* Pods-TaskNavigator.release.xcconfig */,
			);
			name = Pods;
			sourceTree = "<group>";
		};
		553BD4B71D1A86FA0080A9F1 /* Fonts */ = {
			isa = PBXGroup;
			children = (
				553BD4B81D1A871C0080A9F1 /* open_sans */,
			);
			path = Fonts;
			sourceTree = "<group>";
		};
		553BD4B81D1A871C0080A9F1 /* open_sans */ = {
			isa = PBXGroup;
			children = (
				553BD4B91D1A871C0080A9F1 /* LICENSE.txt */,
				553BD4BA1D1A871C0080A9F1 /* OpenSans-Bold.ttf */,
				553BD4BB1D1A871C0080A9F1 /* OpenSans-BoldItalic.ttf */,
				553BD4BC1D1A871C0080A9F1 /* OpenSans-ExtraBold.ttf */,
				553BD4BD1D1A871C0080A9F1 /* OpenSans-ExtraBoldItalic.ttf */,
				553BD4BE1D1A871C0080A9F1 /* OpenSans-Italic.ttf */,
				553BD4BF1D1A871C0080A9F1 /* OpenSans-Light.ttf */,
				553BD4C01D1A871C0080A9F1 /* OpenSans-LightItalic.ttf */,
				553BD4C11D1A871C0080A9F1 /* OpenSans-Regular.ttf */,
				553BD4C21D1A871C0080A9F1 /* OpenSans-Semibold.ttf */,
				553BD4C31D1A871C0080A9F1 /* OpenSans-SemiboldItalic.ttf */,
			);
			path = open_sans;
			sourceTree = "<group>";
		};
		55C7F0FC1D1884FB00BBA707 /* Utilities */ = {
			isa = PBXGroup;
			children = (
				55C7F0FD1D18851800BBA707 /* SAPColor */,
			);
			path = Utilities;
			sourceTree = "<group>";
		};
		55C7F0FD1D18851800BBA707 /* SAPColor */ = {
			isa = PBXGroup;
			children = (
				55C7F0FE1D18853100BBA707 /* SAPColor.h */,
				55C7F0FF1D18853100BBA707 /* SAPColor.m */,
			);
			path = SAPColor;
			sourceTree = "<group>";
		};
		55EFA1EC1CDFE3FC006E942A = {
			isa = PBXGroup;
			children = (
				55EFA1F71CDFE3FC006E942A /* TaskNavigator */,
				55EFA2FF1CDFE548006E942A /* Resources */,
				55EFA20F1CDFE51D006E942A /* Source */,
				55EFA1F61CDFE3FC006E942A /* Products */,
				1F1B5477A53A0D8FD349240F /* Pods */,
				5D3CA18090EA39B6C57A7DC5 /* Frameworks */,
			);
			sourceTree = "<group>";
		};
		55EFA1F61CDFE3FC006E942A /* Products */ = {
			isa = PBXGroup;
			children = (
				55EFA1F51CDFE3FC006E942A /* TaskNavigator.app */,
			);
			name = Products;
			sourceTree = "<group>";
		};
		55EFA1F71CDFE3FC006E942A /* TaskNavigator */ = {
			isa = PBXGroup;
			children = (
				55EFA1FB1CDFE3FC006E942A /* AppDelegate.h */,
				55EFA1FC1CDFE3FC006E942A /* AppDelegate.m */,
				55EFA2091CDFE3FC006E942A /* Info.plist */,
				55EFA1F91CDFE3FC006E942A /* main.m */,
			);
			path = TaskNavigator;
			sourceTree = "<group>";
		};
		55EFA20F1CDFE51D006E942A /* Source */ = {
			isa = PBXGroup;
			children = (
				55F26A381CE1032F006EE91F /* UI */,
				55EFA2C91CDFE51D006E942A /* Models */,
				55EFA2101CDFE51D006E942A /* Library */,
			);
			path = Source;
			sourceTree = "<group>";
		};
		55EFA2101CDFE51D006E942A /* Library */ = {
			isa = PBXGroup;
			children = (
				55EFA2111CDFE51D006E942A /* Categories */,
				55EFA25C1CDFE51D006E942A /* Classes */,
				55EFA2B71CDFE51D006E942A /* Functions */,
				55EFA2BE1CDFE51D006E942A /* Macro */,
				55EFA2C51CDFE51D006E942A /* Protocols */,
				55C7F0FC1D1884FB00BBA707 /* Utilities */,
			);
			path = Library;
			sourceTree = "<group>";
		};
		55EFA2111CDFE51D006E942A /* Categories */ = {
			isa = PBXGroup;
			children = (
				55EFA2121CDFE51D006E942A /* CGGeometry */,
				55EFA2151CDFE51D006E942A /* Core Data */,
				55EFA21B1CDFE51D006E942A /* JSONRepresentation */,
				55EFA2331CDFE51D006E942A /* NSFileManager */,
				55EFA2361CDFE51D006E942A /* NSIndexPath */,
				55EFA2391CDFE51D006E942A /* NSNumber */,
				55EFA23C1CDFE51D006E942A /* NSObject */,
				55EFA2431CDFE51D006E942A /* NSPathUtilities */,
				55EFA2461CDFE51D006E942A /* NSString */,
				55EFA24D1CDFE51D006E942A /* NSURL */,
				55EFA2501CDFE51D006E942A /* UIAlertView */,
				5EEF87BC1D94173600DD9A98 /* UIColor */,
				55EFA2531CDFE51D006E942A /* UINib */,
				55EFA2561CDFE51D006E942A /* UITableView */,
				55EFA2591CDFE51D006E942A /* UIWindow */,
			);
			path = Categories;
			sourceTree = "<group>";
		};
		55EFA2121CDFE51D006E942A /* CGGeometry */ = {
			isa = PBXGroup;
			children = (
				55EFA2131CDFE51D006E942A /* CGGeometry+SAPExtensions.h */,
				55EFA2141CDFE51D006E942A /* CGGeometry+SAPExtensions.m */,
			);
			path = CGGeometry;
			sourceTree = "<group>";
		};
		55EFA2151CDFE51D006E942A /* Core Data */ = {
			isa = PBXGroup;
			children = (
				55EFA2161CDFE51D006E942A /* NSManagedObject */,
				55EFA2191CDFE51D006E942A /* NSManagedObjectContext */,
				55EFA21A1CDFE51D006E942A /* NSManagedObjectID */,
			);
			path = "Core Data";
			sourceTree = "<group>";
		};
		55EFA2161CDFE51D006E942A /* NSManagedObject */ = {
			isa = PBXGroup;
			children = (
				55EFA2171CDFE51D006E942A /* NSManagedObject+SAPExtensions.h */,
				55EFA2181CDFE51D006E942A /* NSManagedObject+SAPExtensions.m */,
			);
			path = NSManagedObject;
			sourceTree = "<group>";
		};
		55EFA2191CDFE51D006E942A /* NSManagedObjectContext */ = {
			isa = PBXGroup;
			children = (
			);
			path = NSManagedObjectContext;
			sourceTree = "<group>";
		};
		55EFA21A1CDFE51D006E942A /* NSManagedObjectID */ = {
			isa = PBXGroup;
			children = (
			);
			path = NSManagedObjectID;
			sourceTree = "<group>";
		};
		55EFA21B1CDFE51D006E942A /* JSONRepresentation */ = {
			isa = PBXGroup;
			children = (
				55EFA21C1CDFE51D006E942A /* SAPJSONArray */,
				55EFA21F1CDFE51D006E942A /* SAPJSONDictionary */,
				55EFA2221CDFE51D006E942A /* SAPJSONNull */,
				55EFA2251CDFE51D006E942A /* SAPJSONNumber */,
				55EFA2281CDFE51D006E942A /* SAPJSONObject */,
				55EFA22B1CDFE51D006E942A /* SAPJSONRepresentation.h */,
				55EFA22C1CDFE51D006E942A /* SAPJSONRepresentationImports.h */,
				55EFA22D1CDFE51D006E942A /* SAPJSONString */,
				55EFA2301CDFE51D006E942A /* SAPJSONURL */,
			);
			path = JSONRepresentation;
			sourceTree = "<group>";
		};
		55EFA21C1CDFE51D006E942A /* SAPJSONArray */ = {
			isa = PBXGroup;
			children = (
				55EFA21D1CDFE51D006E942A /* NSArray+SAPJSONArray.h */,
				55EFA21E1CDFE51D006E942A /* NSArray+SAPJSONArray.m */,
			);
			path = SAPJSONArray;
			sourceTree = "<group>";
		};
		55EFA21F1CDFE51D006E942A /* SAPJSONDictionary */ = {
			isa = PBXGroup;
			children = (
				55EFA2201CDFE51D006E942A /* NSDictionary+SAPJSONDictionary.h */,
				55EFA2211CDFE51D006E942A /* NSDictionary+SAPJSONDictionary.m */,
			);
			path = SAPJSONDictionary;
			sourceTree = "<group>";
		};
		55EFA2221CDFE51D006E942A /* SAPJSONNull */ = {
			isa = PBXGroup;
			children = (
				55EFA2231CDFE51D006E942A /* NSNull+SAPJSONNull.h */,
				55EFA2241CDFE51D006E942A /* NSNull+SAPJSONNull.m */,
			);
			path = SAPJSONNull;
			sourceTree = "<group>";
		};
		55EFA2251CDFE51D006E942A /* SAPJSONNumber */ = {
			isa = PBXGroup;
			children = (
				55EFA2261CDFE51D006E942A /* NSNumber+SAPJSONNumber.h */,
				55EFA2271CDFE51D006E942A /* NSNumber+SAPJSONNumber.m */,
			);
			path = SAPJSONNumber;
			sourceTree = "<group>";
		};
		55EFA2281CDFE51D006E942A /* SAPJSONObject */ = {
			isa = PBXGroup;
			children = (
				55EFA2291CDFE51D006E942A /* NSObject+SAPJSONObject.h */,
				55EFA22A1CDFE51D006E942A /* NSObject+SAPJSONObject.m */,
			);
			path = SAPJSONObject;
			sourceTree = "<group>";
		};
		55EFA22D1CDFE51D006E942A /* SAPJSONString */ = {
			isa = PBXGroup;
			children = (
				55EFA22E1CDFE51D006E942A /* NSString+SAPJSONString.h */,
				55EFA22F1CDFE51D006E942A /* NSString+SAPJSONString.m */,
			);
			path = SAPJSONString;
			sourceTree = "<group>";
		};
		55EFA2301CDFE51D006E942A /* SAPJSONURL */ = {
			isa = PBXGroup;
			children = (
				55EFA2311CDFE51D006E942A /* NSURL+SAPJSONURL.h */,
				55EFA2321CDFE51D006E942A /* NSURL+SAPJSONURL.m */,
			);
			path = SAPJSONURL;
			sourceTree = "<group>";
		};
		55EFA2331CDFE51D006E942A /* NSFileManager */ = {
			isa = PBXGroup;
			children = (
				55EFA2341CDFE51D006E942A /* NSFileManager+SAPExtensions.h */,
				55EFA2351CDFE51D006E942A /* NSFilemanager+SAPExtensions.m */,
			);
			path = NSFileManager;
			sourceTree = "<group>";
		};
		55EFA2361CDFE51D006E942A /* NSIndexPath */ = {
			isa = PBXGroup;
			children = (
				55EFA2371CDFE51D006E942A /* NSIndexPath+SAPExtensions.h */,
				55EFA2381CDFE51D006E942A /* NSIndexPath+SAPExtensions.m */,
			);
			path = NSIndexPath;
			sourceTree = "<group>";
		};
		55EFA2391CDFE51D006E942A /* NSNumber */ = {
			isa = PBXGroup;
			children = (
				55EFA23A1CDFE51D006E942A /* NSNumber+SAPExtentions.h */,
				55EFA23B1CDFE51D006E942A /* NSNumber+SAPExtentions.m */,
			);
			path = NSNumber;
			sourceTree = "<group>";
		};
		55EFA23C1CDFE51D006E942A /* NSObject */ = {
			isa = PBXGroup;
			children = (
				55EFA23D1CDFE51D006E942A /* SAPAssociatedObjects */,
				55EFA2401CDFE51D006E942A /* SAPExtentions */,
			);
			path = NSObject;
			sourceTree = "<group>";
		};
		55EFA23D1CDFE51D006E942A /* SAPAssociatedObjects */ = {
			isa = PBXGroup;
			children = (
				55EFA23E1CDFE51D006E942A /* NSObject+SAPAssociatedObjects.h */,
				55EFA23F1CDFE51D006E942A /* NSObject+SAPAssociatedObjects.m */,
			);
			path = SAPAssociatedObjects;
			sourceTree = "<group>";
		};
		55EFA2401CDFE51D006E942A /* SAPExtentions */ = {
			isa = PBXGroup;
			children = (
				55EFA2411CDFE51D006E942A /* NSObject+SAPExtensions.h */,
				55EFA2421CDFE51D006E942A /* NSObject+SAPExtensions.m */,
			);
			path = SAPExtentions;
			sourceTree = "<group>";
		};
		55EFA2431CDFE51D006E942A /* NSPathUtilities */ = {
			isa = PBXGroup;
			children = (
				55EFA2441CDFE51D006E942A /* NSPathUtilities+SAPExtensions.h */,
				55EFA2451CDFE51D006E942A /* NSPathUtilities+SAPExtensions.m */,
			);
			path = NSPathUtilities;
			sourceTree = "<group>";
		};
		55EFA2461CDFE51D006E942A /* NSString */ = {
			isa = PBXGroup;
			children = (
				55EFA2471CDFE51D006E942A /* IOPRandomName */,
				55EFA24A1CDFE51D006E942A /* SAPExtensions */,
			);
			path = NSString;
			sourceTree = "<group>";
		};
		55EFA2471CDFE51D006E942A /* IOPRandomName */ = {
			isa = PBXGroup;
			children = (
				55EFA2481CDFE51D006E942A /* NSString+IOPRandomName.h */,
				55EFA2491CDFE51D006E942A /* NSString+IOPRandomName.m */,
			);
			path = IOPRandomName;
			sourceTree = "<group>";
		};
		55EFA24A1CDFE51D006E942A /* SAPExtensions */ = {
			isa = PBXGroup;
			children = (
				55EFA24B1CDFE51D006E942A /* NSString+SAPExtensions.h */,
				55EFA24C1CDFE51D006E942A /* NSString+SAPExtensions.m */,
			);
			path = SAPExtensions;
			sourceTree = "<group>";
		};
		55EFA24D1CDFE51D006E942A /* NSURL */ = {
			isa = PBXGroup;
			children = (
				55EFA24E1CDFE51D006E942A /* NSURL+SAPExtensions.h */,
				55EFA24F1CDFE51D006E942A /* NSURL+SAPExtensions.m */,
			);
			path = NSURL;
			sourceTree = "<group>";
		};
		55EFA2501CDFE51D006E942A /* UIAlertView */ = {
			isa = PBXGroup;
			children = (
				55EFA2511CDFE51D006E942A /* UIAlertView+SAPExtensions.h */,
				55EFA2521CDFE51D006E942A /* UIAlertView+SAPExtensions.m */,
			);
			path = UIAlertView;
			sourceTree = "<group>";
		};
		55EFA2531CDFE51D006E942A /* UINib */ = {
			isa = PBXGroup;
			children = (
				55EFA2541CDFE51D006E942A /* UINib+SAPExtensions.h */,
				55EFA2551CDFE51D006E942A /* UINib+SAPExtensions.m */,
			);
			path = UINib;
			sourceTree = "<group>";
		};
		55EFA2561CDFE51D006E942A /* UITableView */ = {
			isa = PBXGroup;
			children = (
				55EFA2571CDFE51D006E942A /* UITableView+SAPExtensions.h */,
				55EFA2581CDFE51D006E942A /* UITableView+SAPExtensions.m */,
			);
			path = UITableView;
			sourceTree = "<group>";
		};
		55EFA2591CDFE51D006E942A /* UIWindow */ = {
			isa = PBXGroup;
			children = (
				55EFA25A1CDFE51D006E942A /* UIWindow+SAPExtensions.h */,
				55EFA25B1CDFE51D006E942A /* UIWindow+SAPExtensions.m */,
			);
			path = UIWindow;
			sourceTree = "<group>";
		};
		55EFA25C1CDFE51D006E942A /* Classes */ = {
			isa = PBXGroup;
			children = (
				55EFA25D1CDFE51D006E942A /* Contexts */,
				55EFA2621CDFE51D006E942A /* Core Data */,
				55EFA26F1CDFE51D006E942A /* Models */,
				55EFA2911CDFE51D006E942A /* SAPNumberGeneratorArray */,
				55EFA2941CDFE51D006E942A /* SAPObjectCache */,
				55EFA2971CDFE51D006E942A /* SAPObservableObject */,
				55EFA29B1CDFE51D006E942A /* SAPReference */,
				55EFA2A11CDFE51D006E942A /* ViewControllers */,
				55EFA2A81CDFE51D006E942A /* Views */,
			);
			path = Classes;
			sourceTree = "<group>";
		};
		55EFA25D1CDFE51D006E942A /* Contexts */ = {
			isa = PBXGroup;
			children = (
				55EFA25E1CDFE51D006E942A /* SAPContext */,
				55EFA2611CDFE51D006E942A /* SAPFacebookContext */,
			);
			path = Contexts;
			sourceTree = "<group>";
		};
		55EFA25E1CDFE51D006E942A /* SAPContext */ = {
			isa = PBXGroup;
			children = (
				55EFA25F1CDFE51D006E942A /* SAPContext.h */,
				55EFA2601CDFE51D006E942A /* SAPContext.m */,
			);
			path = SAPContext;
			sourceTree = "<group>";
		};
		55EFA2611CDFE51D006E942A /* SAPFacebookContext */ = {
			isa = PBXGroup;
			children = (
			);
			path = SAPFacebookContext;
			sourceTree = "<group>";
		};
		55EFA2621CDFE51D006E942A /* Core Data */ = {
			isa = PBXGroup;
			children = (
				55EFA2631CDFE51D006E942A /* SAPCoreDataArrayModel */,
				55EFA2661CDFE51D006E942A /* SAPCoreDataController */,
				55EFA2691CDFE51D006E942A /* SAPManagedObject */,
			);
			path = "Core Data";
			sourceTree = "<group>";
		};
		55EFA2631CDFE51D006E942A /* SAPCoreDataArrayModel */ = {
			isa = PBXGroup;
			children = (
				55EFA2641CDFE51D006E942A /* SAPCoreDataArrayModel.h */,
				55EFA2651CDFE51D006E942A /* SAPCoreDataArrayModel.m */,
			);
			path = SAPCoreDataArrayModel;
			sourceTree = "<group>";
		};
		55EFA2661CDFE51D006E942A /* SAPCoreDataController */ = {
			isa = PBXGroup;
			children = (
				55EFA2671CDFE51D006E942A /* SAPCoreDataController.h */,
				55EFA2681CDFE51D006E942A /* SAPCoreDataController.m */,
			);
			path = SAPCoreDataController;
			sourceTree = "<group>";
		};
		55EFA2691CDFE51D006E942A /* SAPManagedObject */ = {
			isa = PBXGroup;
			children = (
				55EFA26A1CDFE51D006E942A /* SAPIdentifiableManagedObject */,
				55EFA26D1CDFE51D006E942A /* SAPManagedObject.h */,
				55EFA26E1CDFE51D006E942A /* SAPManagedObject.m */,
			);
			path = SAPManagedObject;
			sourceTree = "<group>";
		};
		55EFA26A1CDFE51D006E942A /* SAPIdentifiableManagedObject */ = {
			isa = PBXGroup;
			children = (
				55EFA26B1CDFE51D006E942A /* SAPIdentifiableManagedObject.h */,
				55EFA26C1CDFE51D006E942A /* SAPIdentifiableManagedObject.m */,
			);
			path = SAPIdentifiableManagedObject;
			sourceTree = "<group>";
		};
		55EFA26F1CDFE51D006E942A /* Models */ = {
			isa = PBXGroup;
			children = (
				55EFA2701CDFE51D006E942A /* SAPArrayModel */,
				55EFA2801CDFE51D006E942A /* SAPCollectionChangeModel */,
				55EFA2881CDFE51D006E942A /* SAPImageModel */,
				55EFA28B1CDFE51D006E942A /* SAPModel */,
			);
			path = Models;
			sourceTree = "<group>";
		};
		55EFA2701CDFE51D006E942A /* SAPArrayModel */ = {
			isa = PBXGroup;
			children = (
				55EFA2711CDFE51D006E942A /* Private */,
				55EFA27C1CDFE51D006E942A /* SAPArrayModel.h */,
				55EFA27D1CDFE51D006E942A /* SAPArrayModel.m */,
				55EFA27E1CDFE51D006E942A /* SAPCollectionChangeModel+SAPArrayModel.h */,
				55EFA27F1CDFE51D006E942A /* SAPCollectionChangeModel+SAPArrayModel.m */,
			);
			path = SAPArrayModel;
			sourceTree = "<group>";
		};
		55EFA2711CDFE51D006E942A /* Private */ = {
			isa = PBXGroup;
			children = (
				55EFA2721CDFE51D006E942A /* SAPCollectionChangeDoubleIndexModel */,
				55EFA2771CDFE51D006E942A /* SAPCollectionChangeIndexModel */,
			);
			path = Private;
			sourceTree = "<group>";
		};
		55EFA2721CDFE51D006E942A /* SAPCollectionChangeDoubleIndexModel */ = {
			isa = PBXGroup;
			children = (
				55EFA2731CDFE51D006E942A /* SAPCollectionChangeDoubleIndexModel +UITableView.m */,
				55EFA2741CDFE51D006E942A /* SAPCollectionChangeDoubleIndexModel+UITableView.h */,
				55EFA2751CDFE51D006E942A /* SAPCollectionChangeDoubleIndexModel.h */,
				55EFA2761CDFE51D006E942A /* SAPCollectionChangeDoubleIndexModel.m */,
			);
			path = SAPCollectionChangeDoubleIndexModel;
			sourceTree = "<group>";
		};
		55EFA2771CDFE51D006E942A /* SAPCollectionChangeIndexModel */ = {
			isa = PBXGroup;
			children = (
				55EFA2781CDFE51D006E942A /* SAPCollectionChangeIndexModel+UITableView.h */,
				55EFA2791CDFE51D006E942A /* SAPCollectionChangeIndexModel+UITableView.m */,
				55EFA27A1CDFE51D006E942A /* SAPCollectionChangeIndexModel.h */,
				55EFA27B1CDFE51D006E942A /* SAPCollectionChangeIndexModel.m */,
			);
			path = SAPCollectionChangeIndexModel;
			sourceTree = "<group>";
		};
		55EFA2801CDFE51D006E942A /* SAPCollectionChangeModel */ = {
			isa = PBXGroup;
			children = (
				55EFA2811CDFE51D006E942A /* SAPCollectionChangeModel+UITableView.h */,
				55EFA2821CDFE51D006E942A /* SAPCollectionChangeModel+UITableView.m */,
				55EFA2831CDFE51D006E942A /* SAPCollectionChangeModel.h */,
				55EFA2841CDFE51D006E942A /* SAPCollectionChangeModel.m */,
				55EFA2851CDFE51D006E942A /* SAPCollectionObserver.h */,
				55EFA2861CDFE51D006E942A /* UITableView+SAPCollectionChangeModel.h */,
				55EFA2871CDFE51D006E942A /* UITableView+SAPCollectionChangeModel.m */,
			);
			path = SAPCollectionChangeModel;
			sourceTree = "<group>";
		};
		55EFA2881CDFE51D006E942A /* SAPImageModel */ = {
			isa = PBXGroup;
			children = (
				55EFA2891CDFE51D006E942A /* SAPImageModel.h */,
				55EFA28A1CDFE51D006E942A /* SAPImageModel.m */,
			);
			path = SAPImageModel;
			sourceTree = "<group>";
		};
		55EFA28B1CDFE51D006E942A /* SAPModel */ = {
			isa = PBXGroup;
			children = (
				55EFA28C1CDFE51D006E942A /* SAPCacheableModel.h */,
				55EFA28D1CDFE51D006E942A /* SAPModel.h */,
				55EFA28E1CDFE51D006E942A /* SAPModel.m */,
				55EFA28F1CDFE51D006E942A /* SAPModelObserver.h */,
				55EFA2901CDFE51D006E942A /* SAPModelProtocol.h */,
			);
			path = SAPModel;
			sourceTree = "<group>";
		};
		55EFA2911CDFE51D006E942A /* SAPNumberGeneratorArray */ = {
			isa = PBXGroup;
			children = (
				55EFA2921CDFE51D006E942A /* SAPNumberGeneratorArray.h */,
				55EFA2931CDFE51D006E942A /* SAPNumberGeneratorArray.m */,
			);
			path = SAPNumberGeneratorArray;
			sourceTree = "<group>";
		};
		55EFA2941CDFE51D006E942A /* SAPObjectCache */ = {
			isa = PBXGroup;
			children = (
				55EFA2951CDFE51D006E942A /* SAPObjectCache.h */,
				55EFA2961CDFE51D006E942A /* SAPObjectCache.m */,
			);
			path = SAPObjectCache;
			sourceTree = "<group>";
		};
		55EFA2971CDFE51D006E942A /* SAPObservableObject */ = {
			isa = PBXGroup;
			children = (
				55EFA2981CDFE51D006E942A /* SAPObservableObject.h */,
				55EFA2991CDFE51D006E942A /* SAPObservableObject.m */,
				55EFA29A1CDFE51D006E942A /* SAPObservableObjectProtocol.h */,
			);
			path = SAPObservableObject;
			sourceTree = "<group>";
		};
		55EFA29B1CDFE51D006E942A /* SAPReference */ = {
			isa = PBXGroup;
			children = (
				55EFA29C1CDFE51D006E942A /* SAPAssignReference */,
				55EFA29F1CDFE51D006E942A /* SAPReference.h */,
				55EFA2A01CDFE51D006E942A /* SAPReference.m */,
			);
			path = SAPReference;
			sourceTree = "<group>";
		};
		55EFA29C1CDFE51D006E942A /* SAPAssignReference */ = {
			isa = PBXGroup;
			children = (
				55EFA29D1CDFE51D006E942A /* SAPAssignReference.h */,
				55EFA29E1CDFE51D006E942A /* SAPAssignReference.m */,
			);
			path = SAPAssignReference;
			sourceTree = "<group>";
		};
		55EFA2A11CDFE51D006E942A /* ViewControllers */ = {
			isa = PBXGroup;
			children = (
				55EFA2A21CDFE51D006E942A /* SAPArrayViewController */,
				55EFA2A51CDFE51D006E942A /* SAPViewController */,
			);
			path = ViewControllers;
			sourceTree = "<group>";
		};
		55EFA2A21CDFE51D006E942A /* SAPArrayViewController */ = {
			isa = PBXGroup;
			children = (
				55EFA2A31CDFE51D006E942A /* SAPArrayViewController.h */,
				55EFA2A41CDFE51D006E942A /* SAPArrayViewController.m */,
			);
			path = SAPArrayViewController;
			sourceTree = "<group>";
		};
		55EFA2A51CDFE51D006E942A /* SAPViewController */ = {
			isa = PBXGroup;
			children = (
				55EFA2A61CDFE51D006E942A /* SAPViewController.h */,
				55EFA2A71CDFE51D006E942A /* SAPViewController.m */,
			);
			path = SAPViewController;
			sourceTree = "<group>";
		};
		55EFA2A81CDFE51D006E942A /* Views */ = {
			isa = PBXGroup;
			children = (
				55EFA2A91CDFE51D006E942A /* SAPActivityIndicator */,
				55EFA2AD1CDFE51D006E942A /* SAPImageView */,
				55EFA2B01CDFE51D006E942A /* SAPTableViewCell */,
				55EFA2B31CDFE51D006E942A /* SAPView */,
			);
			path = Views;
			sourceTree = "<group>";
		};
		55EFA2A91CDFE51D006E942A /* SAPActivityIndicator */ = {
			isa = PBXGroup;
			children = (
				55EFA2AA1CDFE51D006E942A /* SAPActivityIndicator.h */,
				55EFA2AB1CDFE51D006E942A /* SAPActivityIndicator.m */,
				55EFA2AC1CDFE51D006E942A /* SAPActivityIndicator.xib */,
			);
			path = SAPActivityIndicator;
			sourceTree = "<group>";
		};
		55EFA2AD1CDFE51D006E942A /* SAPImageView */ = {
			isa = PBXGroup;
			children = (
				55EFA2AE1CDFE51D006E942A /* SAPImageView.h */,
				55EFA2AF1CDFE51D006E942A /* SAPImageView.m */,
			);
			path = SAPImageView;
			sourceTree = "<group>";
		};
		55EFA2B01CDFE51D006E942A /* SAPTableViewCell */ = {
			isa = PBXGroup;
			children = (
				55EFA2B11CDFE51D006E942A /* SAPTableViewCell.h */,
				55EFA2B21CDFE51D006E942A /* SAPTableViewCell.m */,
			);
			path = SAPTableViewCell;
			sourceTree = "<group>";
		};
		55EFA2B31CDFE51D006E942A /* SAPView */ = {
			isa = PBXGroup;
			children = (
				55EFA2B41CDFE51D006E942A /* SAPLoadingView.h */,
				55EFA2B51CDFE51D006E942A /* SAPView.h */,
				55EFA2B61CDFE51D006E942A /* SAPView.m */,
			);
			path = SAPView;
			sourceTree = "<group>";
		};
		55EFA2B71CDFE51D006E942A /* Functions */ = {
			isa = PBXGroup;
			children = (
				55EFA2B81CDFE51D006E942A /* SAPDispatch */,
				55EFA2BB1CDFE51D006E942A /* SAPSetters */,
			);
			path = Functions;
			sourceTree = "<group>";
		};
		55EFA2B81CDFE51D006E942A /* SAPDispatch */ = {
			isa = PBXGroup;
			children = (
				55EFA2B91CDFE51D006E942A /* SAPDispatch.h */,
				55EFA2BA1CDFE51D006E942A /* SAPDispatch.m */,
			);
			path = SAPDispatch;
			sourceTree = "<group>";
		};
		55EFA2BB1CDFE51D006E942A /* SAPSetters */ = {
			isa = PBXGroup;
			children = (
				55EFA2BC1CDFE51D006E942A /* SAPSetters.h */,
				55EFA2BD1CDFE51D006E942A /* SAPSetters.m */,
			);
			path = SAPSetters;
			sourceTree = "<group>";
		};
		55EFA2BE1CDFE51D006E942A /* Macro */ = {
			isa = PBXGroup;
			children = (
				55EFA2BF1CDFE51D006E942A /* SAPClangMacro.h */,
				55EFA2C01CDFE51D006E942A /* SAPContextSetterMacro.h */,
				55EFA2C11CDFE51D006E942A /* SAPDispatchOnceMacro.h */,
				55EFA2C21CDFE51D006E942A /* SAPNilToNSNullMacro.h */,
				55EFA2C31CDFE51D006E942A /* SAPOwnershipMacro.h */,
				55EFA2C41CDFE51D006E942A /* SAPViewControllerMacro.h */,
			);
			path = Macro;
			sourceTree = "<group>";
		};
		55EFA2C51CDFE51D006E942A /* Protocols */ = {
			isa = PBXGroup;
			children = (
				55EFA2C61CDFE51D006E942A /* SAPModelView.h */,
			);
			path = Protocols;
			sourceTree = "<group>";
		};
		55EFA2C91CDFE51D006E942A /* Models */ = {
			isa = PBXGroup;
			children = (
				55F26A421CE10490006EE91F /* SAPTask */,
				5EEF87D11D95127400DD9A98 /* CoreData */,
			);
			path = Models;
			sourceTree = "<group>";
		};
		55EFA2FF1CDFE548006E942A /* Resources */ = {
			isa = PBXGroup;
			children = (
				553BD4B71D1A86FA0080A9F1 /* Fonts */,
				55EFA3001CDFE571006E942A /* Assets.xcassets */,
			);
			path = Resources;
			sourceTree = "<group>";
		};
		55F26A381CE1032F006EE91F /* UI */ = {
			isa = PBXGroup;
			children = (
				55F26A3B1CE1032F006EE91F /* SAPTasksViewController */,
				55F26A3C1CE1032F006EE91F /* SAPTaskViewController */,
				55F26A391CE1032F006EE91F /* SAPTaskMapViewController */,
				55F26A3A1CE1032F006EE91F /* SAPTasksMapViewController */,
			);
			path = UI;
			sourceTree = "<group>";
		};
		55F26A391CE1032F006EE91F /* SAPTaskMapViewController */ = {
			isa = PBXGroup;
			children = (
				550886E41CE2469600B417F7 /* SAPTaskMapView.h */,
				550886E51CE2469600B417F7 /* SAPTaskMapView.m */,
				550886DA1CE245F100B417F7 /* SAPTaskMapViewController.h */,
				550886DB1CE245F100B417F7 /* SAPTaskMapViewController.m */,
				550886DC1CE245F100B417F7 /* SAPTaskMapViewController.xib */,
			);
			path = SAPTaskMapViewController;
			sourceTree = "<group>";
		};
		55F26A3A1CE1032F006EE91F /* SAPTasksMapViewController */ = {
			isa = PBXGroup;
			children = (
				550886E71CE246CE00B417F7 /* SAPTasksMapView.h */,
				550886E81CE246CE00B417F7 /* SAPTasksMapView.m */,
				550886DF1CE2465A00B417F7 /* SAPTasksMapViewController.h */,
				550886E01CE2465A00B417F7 /* SAPTasksMapViewController.m */,
				550886E11CE2465A00B417F7 /* SAPTasksMapViewController.xib */,
			);
			path = SAPTasksMapViewController;
			sourceTree = "<group>";
		};
		55F26A3B1CE1032F006EE91F /* SAPTasksViewController */ = {
			isa = PBXGroup;
			children = (
				55F26A461CE1066A006EE91F /* SAPTasksView.h */,
				55F26A471CE1066A006EE91F /* SAPTasksView.m */,
				55F26A3D1CE103ED006EE91F /* SAPTasksViewController.h */,
				55F26A3E1CE103ED006EE91F /* SAPTasksViewController.m */,
				55F26A3F1CE103ED006EE91F /* SAPTasksViewController.xib */,
				55F26A491CE10734006EE91F /* SAPTaskCell */,
			);
			path = SAPTasksViewController;
			sourceTree = "<group>";
		};
		55F26A3C1CE1032F006EE91F /* SAPTaskViewController */ = {
			isa = PBXGroup;
			children = (
				550886D71CE2388A00B417F7 /* SAPTaskView.h */,
				550886D81CE2388A00B417F7 /* SAPTaskView.m */,
				55F26A4F1CE1149B006EE91F /* SAPTaskViewController.h */,
				55F26A501CE1149B006EE91F /* SAPTaskViewController.m */,
				55F26A511CE1149B006EE91F /* SAPTaskViewController.xib */,
			);
			path = SAPTaskViewController;
			sourceTree = "<group>";
		};
		55F26A421CE10490006EE91F /* SAPTask */ = {
			isa = PBXGroup;
			children = (
				55F26A431CE104D2006EE91F /* SAPTask.h */,
				55F26A441CE104D2006EE91F /* SAPTask.m */,
			);
			path = SAPTask;
			sourceTree = "<group>";
		};
		55F26A491CE10734006EE91F /* SAPTaskCell */ = {
			isa = PBXGroup;
			children = (
				55F26A4A1CE10776006EE91F /* SAPTaskCell.h */,
				55F26A4B1CE10776006EE91F /* SAPTaskCell.m */,
				55F26A4D1CE10DBE006EE91F /* SAPTaskCell.xib */,
			);
			path = SAPTaskCell;
			sourceTree = "<group>";
		};
		5D3CA18090EA39B6C57A7DC5 /* Frameworks */ = {
			isa = PBXGroup;
			children = (
				5EEF87CF1D9422DB00DD9A98 /* MapKit.framework */,
				5EEF87CD1D9422D400DD9A98 /* CoreLocation.framework */,
				8C5741C96A6025C087FFFFB0 /* libPods-TaskNavigator.a */,
			);
			name = Frameworks;
			sourceTree = "<group>";
		};
		5EEF87BC1D94173600DD9A98 /* UIColor */ = {
			isa = PBXGroup;
			children = (
				5EEF87BD1D94173600DD9A98 /* SAPExtensions */,
				5EEF87C01D94173600DD9A98 /* TaskNavigator */,
				5EEF87C11D94173600DD9A98 /* UIColor-HexString */,
			);
			path = UIColor;
			sourceTree = "<group>";
		};
		5EEF87BD1D94173600DD9A98 /* SAPExtensions */ = {
			isa = PBXGroup;
			children = (
				5EEF87BE1D94173600DD9A98 /* UIColor+SAPExtensions.h */,
				5EEF87BF1D94173600DD9A98 /* UIColor+SAPExtensions.m */,
			);
			path = SAPExtensions;
			sourceTree = "<group>";
		};
		5EEF87C01D94173600DD9A98 /* TaskNavigator */ = {
			isa = PBXGroup;
			children = (
				5EEF87CA1D94179600DD9A98 /* UIColor+TaskNavigator.h */,
				5EEF87CB1D94179600DD9A98 /* UIColor+TaskNavigator.m */,
			);
			path = TaskNavigator;
			sourceTree = "<group>";
		};
		5EEF87C11D94173600DD9A98 /* UIColor-HexString */ = {
			isa = PBXGroup;
			children = (
				5EEF87C21D94173600DD9A98 /* LICENSE */,
				5EEF87C31D94173600DD9A98 /* README.md */,
				5EEF87C41D94173600DD9A98 /* UIColor+HexString.h */,
				5EEF87C51D94173600DD9A98 /* UIColor+HexString.m */,
			);
			path = "UIColor-HexString";
			sourceTree = "<group>";
		};
		5EEF87D11D95127400DD9A98 /* CoreData */ = {
			isa = PBXGroup;
			children = (
				5EEF87D51D95138000DD9A98 /* TaskNavigator.xcdatamodeld */,
			);
			path = CoreData;
			sourceTree = "<group>";
		};
/* End PBXGroup section */

/* Begin PBXNativeTarget section */
		55EFA1F41CDFE3FC006E942A /* TaskNavigator */ = {
			isa = PBXNativeTarget;
			buildConfigurationList = 55EFA20C1CDFE3FC006E942A /* Build configuration list for PBXNativeTarget "TaskNavigator" */;
			buildPhases = (
				55DAE6DEEB11A49C1F289784 /* [CP] Check Pods Manifest.lock */,
				55EFA1F11CDFE3FC006E942A /* Sources */,
				55EFA1F21CDFE3FC006E942A /* Frameworks */,
				55EFA1F31CDFE3FC006E942A /* Resources */,
				892525F9A39921F904E41823 /* [CP] Embed Pods Frameworks */,
				BD22D10FA6FB9E87AC5D1BFB /* [CP] Copy Pods Resources */,
			);
			buildRules = (
			);
			dependencies = (
			);
			name = TaskNavigator;
			productName = TaskNavigator;
			productReference = 55EFA1F51CDFE3FC006E942A /* TaskNavigator.app */;
			productType = "com.apple.product-type.application";
		};
/* End PBXNativeTarget section */

/* Begin PBXProject section */
		55EFA1ED1CDFE3FC006E942A /* Project object */ = {
			isa = PBXProject;
			attributes = {
				CLASSPREFIX = SAP;
				LastUpgradeCheck = 0730;
				ORGANIZATIONNAME = Andrey;
				TargetAttributes = {
					55EFA1F41CDFE3FC006E942A = {
						CreatedOnToolsVersion = 7.3;
					};
				};
			};
			buildConfigurationList = 55EFA1F01CDFE3FC006E942A /* Build configuration list for PBXProject "TaskNavigator" */;
			compatibilityVersion = "Xcode 3.2";
			developmentRegion = English;
			hasScannedForEncodings = 0;
			knownRegions = (
				en,
				Base,
			);
			mainGroup = 55EFA1EC1CDFE3FC006E942A;
			productRefGroup = 55EFA1F61CDFE3FC006E942A /* Products */;
			projectDirPath = "";
			projectRoot = "";
			targets = (
				55EFA1F41CDFE3FC006E942A /* TaskNavigator */,
			);
		};
/* End PBXProject section */

/* Begin PBXResourcesBuildPhase section */
		55EFA1F31CDFE3FC006E942A /* Resources */ = {
			isa = PBXResourcesBuildPhase;
			buildActionMask = 2147483647;
			files = (
				55EFA3011CDFE571006E942A /* Assets.xcassets in Resources */,
				553BD4C71D1A871C0080A9F1 /* OpenSans-ExtraBold.ttf in Resources */,
				553BD4CA1D1A871C0080A9F1 /* OpenSans-Light.ttf in Resources */,
				550886E31CE2465A00B417F7 /* SAPTasksMapViewController.xib in Resources */,
				550886DE1CE245F100B417F7 /* SAPTaskMapViewController.xib in Resources */,
				553BD4C91D1A871C0080A9F1 /* OpenSans-Italic.ttf in Resources */,
				553BD4CC1D1A871C0080A9F1 /* OpenSans-Regular.ttf in Resources */,
				55F26A411CE103ED006EE91F /* SAPTasksViewController.xib in Resources */,
				553BD4C61D1A871C0080A9F1 /* OpenSans-BoldItalic.ttf in Resources */,
				553BD4C41D1A871C0080A9F1 /* LICENSE.txt in Resources */,
				553BD4CE1D1A871C0080A9F1 /* OpenSans-SemiboldItalic.ttf in Resources */,
				5EEF87C71D94173600DD9A98 /* LICENSE in Resources */,
				553BD4C81D1A871C0080A9F1 /* OpenSans-ExtraBoldItalic.ttf in Resources */,
				553BD4C51D1A871C0080A9F1 /* OpenSans-Bold.ttf in Resources */,
				55EFA2F91CDFE51D006E942A /* SAPActivityIndicator.xib in Resources */,
				55F26A4E1CE10DBE006EE91F /* SAPTaskCell.xib in Resources */,
				55F26A531CE1149B006EE91F /* SAPTaskViewController.xib in Resources */,
				553BD4CB1D1A871C0080A9F1 /* OpenSans-LightItalic.ttf in Resources */,
				553BD4CD1D1A871C0080A9F1 /* OpenSans-Semibold.ttf in Resources */,
			);
			runOnlyForDeploymentPostprocessing = 0;
		};
/* End PBXResourcesBuildPhase section */

/* Begin PBXShellScriptBuildPhase section */
		55DAE6DEEB11A49C1F289784 /* [CP] Check Pods Manifest.lock */ = {
			isa = PBXShellScriptBuildPhase;
			buildActionMask = 2147483647;
			files = (
			);
			inputPaths = (
			);
			name = "[CP] Check Pods Manifest.lock";
			outputPaths = (
			);
			runOnlyForDeploymentPostprocessing = 0;
			shellPath = /bin/sh;
			shellScript = "diff \"${PODS_ROOT}/../Podfile.lock\" \"${PODS_ROOT}/Manifest.lock\" > /dev/null\nif [[ $? != 0 ]] ; then\n    cat << EOM\nerror: The sandbox is not in sync with the Podfile.lock. Run 'pod install' or update your CocoaPods installation.\nEOM\n    exit 1\nfi\n";
			showEnvVarsInLog = 0;
		};
		892525F9A39921F904E41823 /* [CP] Embed Pods Frameworks */ = {
			isa = PBXShellScriptBuildPhase;
			buildActionMask = 2147483647;
			files = (
			);
			inputPaths = (
			);
			name = "[CP] Embed Pods Frameworks";
			outputPaths = (
			);
			runOnlyForDeploymentPostprocessing = 0;
			shellPath = /bin/sh;
			shellScript = "\"${SRCROOT}/Pods/Target Support Files/Pods-TaskNavigator/Pods-TaskNavigator-frameworks.sh\"\n";
			showEnvVarsInLog = 0;
		};
		BD22D10FA6FB9E87AC5D1BFB /* [CP] Copy Pods Resources */ = {
			isa = PBXShellScriptBuildPhase;
			buildActionMask = 2147483647;
			files = (
			);
			inputPaths = (
			);
			name = "[CP] Copy Pods Resources";
			outputPaths = (
			);
			runOnlyForDeploymentPostprocessing = 0;
			shellPath = /bin/sh;
			shellScript = "\"${SRCROOT}/Pods/Target Support Files/Pods-TaskNavigator/Pods-TaskNavigator-resources.sh\"\n";
			showEnvVarsInLog = 0;
		};
/* End PBXShellScriptBuildPhase section */

/* Begin PBXSourcesBuildPhase section */
		55EFA1F11CDFE3FC006E942A /* Sources */ = {
			isa = PBXSourcesBuildPhase;
			buildActionMask = 2147483647;
			files = (
				55EFA2F11CDFE51D006E942A /* SAPNumberGeneratorArray.m in Sources */,
				55EFA2FC1CDFE51D006E942A /* SAPView.m in Sources */,
				55EFA2E01CDFE51D006E942A /* UIWindow+SAPExtensions.m in Sources */,
				55EFA2DE1CDFE51D006E942A /* UINib+SAPExtensions.m in Sources */,
				55EFA2CB1CDFE51D006E942A /* CGGeometry+SAPExtensions.m in Sources */,
				55EFA2CD1CDFE51D006E942A /* NSArray+SAPJSONArray.m in Sources */,
				55EFA2EA1CDFE51D006E942A /* SAPArrayModel.m in Sources */,
				5EEF87C61D94173600DD9A98 /* UIColor+SAPExtensions.m in Sources */,
				55EFA2F51CDFE51D006E942A /* SAPReference.m in Sources */,
				550886D91CE2388A00B417F7 /* SAPTaskView.m in Sources */,
				55F26A521CE1149B006EE91F /* SAPTaskViewController.m in Sources */,
				55EFA2FD1CDFE51D006E942A /* SAPDispatch.m in Sources */,
				55F26A451CE104D2006EE91F /* SAPTask.m in Sources */,
				55EFA2F21CDFE51D006E942A /* SAPObjectCache.m in Sources */,
				55EFA2DA1CDFE51D006E942A /* NSString+IOPRandomName.m in Sources */,
				55EFA2DD1CDFE51D006E942A /* UIAlertView+SAPExtensions.m in Sources */,
				55EFA1FD1CDFE3FC006E942A /* AppDelegate.m in Sources */,
				55F26A481CE1066A006EE91F /* SAPTasksView.m in Sources */,
				55EFA2FE1CDFE51D006E942A /* SAPSetters.m in Sources */,
				55EFA2D31CDFE51D006E942A /* NSURL+SAPJSONURL.m in Sources */,
				55EFA2CC1CDFE51D006E942A /* NSManagedObject+SAPExtensions.m in Sources */,
				55EFA2EB1CDFE51D006E942A /* SAPCollectionChangeModel+SAPArrayModel.m in Sources */,
				55EFA2E21CDFE51D006E942A /* SAPCoreDataArrayModel.m in Sources */,
				55EFA2E91CDFE51D006E942A /* SAPCollectionChangeIndexModel.m in Sources */,
				55EFA2F31CDFE51D006E942A /* SAPObservableObject.m in Sources */,
				55EFA2EF1CDFE51D006E942A /* SAPImageModel.m in Sources */,
				55EFA2E11CDFE51D006E942A /* SAPContext.m in Sources */,
				55EFA2ED1CDFE51D006E942A /* SAPCollectionChangeModel.m in Sources */,
				550886E61CE2469600B417F7 /* SAPTaskMapView.m in Sources */,
				55EFA2CE1CDFE51D006E942A /* NSDictionary+SAPJSONDictionary.m in Sources */,
				55EFA2D71CDFE51D006E942A /* NSObject+SAPAssociatedObjects.m in Sources */,
				55EFA2F01CDFE51D006E942A /* SAPModel.m in Sources */,
				55EFA2D21CDFE51D006E942A /* NSString+SAPJSONString.m in Sources */,
				550886E91CE246CE00B417F7 /* SAPTasksMapView.m in Sources */,
				5EEF87C91D94173600DD9A98 /* UIColor+HexString.m in Sources */,
				55EFA2D11CDFE51D006E942A /* NSObject+SAPJSONObject.m in Sources */,
				55EFA1FA1CDFE3FC006E942A /* main.m in Sources */,
				55EFA2DC1CDFE51D006E942A /* NSURL+SAPExtensions.m in Sources */,
				55EFA2E81CDFE51D006E942A /* SAPCollectionChangeIndexModel+UITableView.m in Sources */,
				55EFA2D81CDFE51D006E942A /* NSObject+SAPExtensions.m in Sources */,
				55EFA2FA1CDFE51D006E942A /* SAPImageView.m in Sources */,
				55F26A4C1CE10776006EE91F /* SAPTaskCell.m in Sources */,
				55EFA2D51CDFE51D006E942A /* NSIndexPath+SAPExtensions.m in Sources */,
				5EEF87C81D94173600DD9A98 /* README.md in Sources */,
				55EFA2F71CDFE51D006E942A /* SAPViewController.m in Sources */,
				55EFA2F81CDFE51D006E942A /* SAPActivityIndicator.m in Sources */,
				55EFA2CF1CDFE51D006E942A /* NSNull+SAPJSONNull.m in Sources */,
				55EFA2D91CDFE51D006E942A /* NSPathUtilities+SAPExtensions.m in Sources */,
				55EFA2E41CDFE51D006E942A /* SAPIdentifiableManagedObject.m in Sources */,
				55EFA2DF1CDFE51D006E942A /* UITableView+SAPExtensions.m in Sources */,
				55EFA2E61CDFE51D006E942A /* SAPCollectionChangeDoubleIndexModel +UITableView.m in Sources */,
				550886E21CE2465A00B417F7 /* SAPTasksMapViewController.m in Sources */,
				5EEF87CC1D94179600DD9A98 /* UIColor+TaskNavigator.m in Sources */,
				55EFA2D01CDFE51D006E942A /* NSNumber+SAPJSONNumber.m in Sources */,
				55EFA2E51CDFE51D006E942A /* SAPManagedObject.m in Sources */,
				55EFA2DB1CDFE51D006E942A /* NSString+SAPExtensions.m in Sources */,
				55EFA2E31CDFE51D006E942A /* SAPCoreDataController.m in Sources */,
				55EFA2EC1CDFE51D006E942A /* SAPCollectionChangeModel+UITableView.m in Sources */,
				55EFA2F41CDFE51D006E942A /* SAPAssignReference.m in Sources */,
				55EFA2E71CDFE51D006E942A /* SAPCollectionChangeDoubleIndexModel.m in Sources */,
				55EFA2D41CDFE51D006E942A /* NSFilemanager+SAPExtensions.m in Sources */,
				5EEF87D71D95138000DD9A98 /* TaskNavigator.xcdatamodeld in Sources */,
				55EFA2FB1CDFE51D006E942A /* SAPTableViewCell.m in Sources */,
				55EFA2EE1CDFE51D006E942A /* UITableView+SAPCollectionChangeModel.m in Sources */,
				55EFA2D61CDFE51D006E942A /* NSNumber+SAPExtentions.m in Sources */,
				550886DD1CE245F100B417F7 /* SAPTaskMapViewController.m in Sources */,
				55F26A401CE103ED006EE91F /* SAPTasksViewController.m in Sources */,
				55C7F1001D18853100BBA707 /* SAPColor.m in Sources */,
				55EFA2F61CDFE51D006E942A /* SAPArrayViewController.m in Sources */,
			);
			runOnlyForDeploymentPostprocessing = 0;
		};
/* End PBXSourcesBuildPhase section */

/* Begin XCBuildConfiguration section */
		55EFA20A1CDFE3FC006E942A /* Debug */ = {
			isa = XCBuildConfiguration;
			buildSettings = {
				ALWAYS_SEARCH_USER_PATHS = NO;
				CLANG_ANALYZER_NONNULL = YES;
				CLANG_CXX_LANGUAGE_STANDARD = "gnu++0x";
				CLANG_CXX_LIBRARY = "libc++";
				CLANG_ENABLE_MODULES = YES;
				CLANG_ENABLE_OBJC_ARC = YES;
				CLANG_WARN_BOOL_CONVERSION = YES;
				CLANG_WARN_CONSTANT_CONVERSION = YES;
				CLANG_WARN_DIRECT_OBJC_ISA_USAGE = YES_ERROR;
				CLANG_WARN_EMPTY_BODY = YES;
				CLANG_WARN_ENUM_CONVERSION = YES;
				CLANG_WARN_INT_CONVERSION = YES;
				CLANG_WARN_OBJC_ROOT_CLASS = YES_ERROR;
				CLANG_WARN_UNREACHABLE_CODE = YES;
				CLANG_WARN__DUPLICATE_METHOD_MATCH = YES;
				"CODE_SIGN_IDENTITY[sdk=iphoneos*]" = "iPhone Developer";
				COPY_PHASE_STRIP = NO;
				DEBUG_INFORMATION_FORMAT = dwarf;
				ENABLE_STRICT_OBJC_MSGSEND = YES;
				ENABLE_TESTABILITY = YES;
				GCC_C_LANGUAGE_STANDARD = gnu99;
				GCC_DYNAMIC_NO_PIC = NO;
				GCC_NO_COMMON_BLOCKS = YES;
				GCC_OPTIMIZATION_LEVEL = 0;
				GCC_PREPROCESSOR_DEFINITIONS = (
					"DEBUG=1",
					"$(inherited)",
				);
				GCC_WARN_64_TO_32_BIT_CONVERSION = YES;
				GCC_WARN_ABOUT_RETURN_TYPE = YES_ERROR;
				GCC_WARN_UNDECLARED_SELECTOR = YES;
				GCC_WARN_UNINITIALIZED_AUTOS = YES_AGGRESSIVE;
				GCC_WARN_UNUSED_FUNCTION = YES;
				GCC_WARN_UNUSED_VARIABLE = YES;
				IPHONEOS_DEPLOYMENT_TARGET = 10.0;
				MTL_ENABLE_DEBUG_INFO = YES;
				ONLY_ACTIVE_ARCH = YES;
				SDKROOT = iphoneos;
			};
			name = Debug;
		};
		55EFA20B1CDFE3FC006E942A /* Release */ = {
			isa = XCBuildConfiguration;
			buildSettings = {
				ALWAYS_SEARCH_USER_PATHS = NO;
				CLANG_ANALYZER_NONNULL = YES;
				CLANG_CXX_LANGUAGE_STANDARD = "gnu++0x";
				CLANG_CXX_LIBRARY = "libc++";
				CLANG_ENABLE_MODULES = YES;
				CLANG_ENABLE_OBJC_ARC = YES;
				CLANG_WARN_BOOL_CONVERSION = YES;
				CLANG_WARN_CONSTANT_CONVERSION = YES;
				CLANG_WARN_DIRECT_OBJC_ISA_USAGE = YES_ERROR;
				CLANG_WARN_EMPTY_BODY = YES;
				CLANG_WARN_ENUM_CONVERSION = YES;
				CLANG_WARN_INT_CONVERSION = YES;
				CLANG_WARN_OBJC_ROOT_CLASS = YES_ERROR;
				CLANG_WARN_UNREACHABLE_CODE = YES;
				CLANG_WARN__DUPLICATE_METHOD_MATCH = YES;
				"CODE_SIGN_IDENTITY[sdk=iphoneos*]" = "iPhone Developer";
				COPY_PHASE_STRIP = NO;
				DEBUG_INFORMATION_FORMAT = "dwarf-with-dsym";
				ENABLE_NS_ASSERTIONS = NO;
				ENABLE_STRICT_OBJC_MSGSEND = YES;
				GCC_C_LANGUAGE_STANDARD = gnu99;
				GCC_NO_COMMON_BLOCKS = YES;
				GCC_WARN_64_TO_32_BIT_CONVERSION = YES;
				GCC_WARN_ABOUT_RETURN_TYPE = YES_ERROR;
				GCC_WARN_UNDECLARED_SELECTOR = YES;
				GCC_WARN_UNINITIALIZED_AUTOS = YES_AGGRESSIVE;
				GCC_WARN_UNUSED_FUNCTION = YES;
				GCC_WARN_UNUSED_VARIABLE = YES;
				IPHONEOS_DEPLOYMENT_TARGET = 10.0;
				MTL_ENABLE_DEBUG_INFO = NO;
				SDKROOT = iphoneos;
				VALIDATE_PRODUCT = YES;
			};
			name = Release;
		};
		55EFA20D1CDFE3FC006E942A /* Debug */ = {
			isa = XCBuildConfiguration;
			baseConfigurationReference = A3E6CF9270AA95C296D81777 /* Pods-TaskNavigator.debug.xcconfig */;
			buildSettings = {
				ASSETCATALOG_COMPILER_APPICON_NAME = AppIcon;
				INFOPLIST_FILE = TaskNavigator/Info.plist;
				LD_RUNPATH_SEARCH_PATHS = "$(inherited) @executable_path/Frameworks";
				PRODUCT_BUNDLE_IDENTIFIER = SAP.TaskNavigator;
				PRODUCT_NAME = "$(TARGET_NAME)";
				TARGETED_DEVICE_FAMILY = "1,2";
			};
			name = Debug;
		};
		55EFA20E1CDFE3FC006E942A /* Release */ = {
			isa = XCBuildConfiguration;
			baseConfigurationReference = 2F696ABF6C8DECEF87A9DAEF /* Pods-TaskNavigator.release.xcconfig */;
			buildSettings = {
				ASSETCATALOG_COMPILER_APPICON_NAME = AppIcon;
				INFOPLIST_FILE = TaskNavigator/Info.plist;
				LD_RUNPATH_SEARCH_PATHS = "$(inherited) @executable_path/Frameworks";
				PRODUCT_BUNDLE_IDENTIFIER = SAP.TaskNavigator;
				PRODUCT_NAME = "$(TARGET_NAME)";
				TARGETED_DEVICE_FAMILY = "1,2";
			};
			name = Release;
		};
/* End XCBuildConfiguration section */

/* Begin XCConfigurationList section */
		55EFA1F01CDFE3FC006E942A /* Build configuration list for PBXProject "TaskNavigator" */ = {
			isa = XCConfigurationList;
			buildConfigurations = (
				55EFA20A1CDFE3FC006E942A /* Debug */,
				55EFA20B1CDFE3FC006E942A /* Release */,
			);
			defaultConfigurationIsVisible = 0;
			defaultConfigurationName = Release;
		};
		55EFA20C1CDFE3FC006E942A /* Build configuration list for PBXNativeTarget "TaskNavigator" */ = {
			isa = XCConfigurationList;
			buildConfigurations = (
				55EFA20D1CDFE3FC006E942A /* Debug */,
				55EFA20E1CDFE3FC006E942A /* Release */,
			);
			defaultConfigurationIsVisible = 0;
			defaultConfigurationName = Release;
		};
/* End XCConfigurationList section */

/* Begin XCVersionGroup section */
		5EEF87D51D95138000DD9A98 /* TaskNavigator.xcdatamodeld */ = {
			isa = XCVersionGroup;
			children = (
				5EEF87D61D95138000DD9A98 /* TaskNavigator.xcdatamodel */,
			);
			currentVersion = 5EEF87D61D95138000DD9A98 /* TaskNavigator.xcdatamodel */;
			path = TaskNavigator.xcdatamodeld;
			sourceTree = "<group>";
			versionGroupType = wrapper.xcdatamodel;
		};
/* End XCVersionGroup section */
	};
	rootObject = 55EFA1ED1CDFE3FC006E942A /* Project object */;
}
